// !$*UTF8*$!
{
	archiveVersion = 1;
	classes = {
	};
	objectVersion = 45;
	objects = {

/* Begin PBXBuildFile section */
		AA747D9F0F9514B9006C5449 /* Gamer_Prefix.pch in Headers */ = {isa = PBXBuildFile; fileRef = AA747D9E0F9514B9006C5449 /* Gamer_Prefix.pch */; };
		AACBBE4A0F95108600F1A2B1 /* Foundation.framework in Frameworks */ = {isa = PBXBuildFile; fileRef = AACBBE490F95108600F1A2B1 /* Foundation.framework */; };
		D727C3311287D098001F2BAF /* GMRAuthenticationController.m in Sources */ = {isa = PBXBuildFile; fileRef = D727C32F1287D098001F2BAF /* GMRAuthenticationController.m */; };
		D727C3321287D098001F2BAF /* GMRAuthenticationController.xib in Resources */ = {isa = PBXBuildFile; fileRef = D727C3301287D098001F2BAF /* GMRAuthenticationController.xib */; };
		D727C3371287D163001F2BAF /* GMRAuthenticationInputController.m in Sources */ = {isa = PBXBuildFile; fileRef = D727C3351287D163001F2BAF /* GMRAuthenticationInputController.m */; };
		D727C3381287D163001F2BAF /* GMRAuthenticationInputController.xib in Resources */ = {isa = PBXBuildFile; fileRef = D727C3361287D163001F2BAF /* GMRAuthenticationInputController.xib */; };
		D72E3DAF128B15050083464E /* GMRAuthenticationNewAccount.m in Sources */ = {isa = PBXBuildFile; fileRef = D72E3DAD128B15050083464E /* GMRAuthenticationNewAccount.m */; };
		D72E3DB0128B15050083464E /* GMRAuthenticationNewAccount.xib in Resources */ = {isa = PBXBuildFile; fileRef = D72E3DAE128B15050083464E /* GMRAuthenticationNewAccount.xib */; };
		D775C4B8128795C600C72E64 /* libASIHttp.a in Frameworks */ = {isa = PBXBuildFile; fileRef = D7DB90901280832500D6C442 /* libASIHttp.a */; };
		D775C4B9128795C600C72E64 /* libGamer.a in Frameworks */ = {isa = PBXBuildFile; fileRef = D2AAC07E0554694100DB518D /* libGamer.a */; };
		D775C4BA128795C600C72E64 /* libYAJL.a in Frameworks */ = {isa = PBXBuildFile; fileRef = D7B7280B128226E700419F60 /* libYAJL.a */; };
		D775C4DB1287973B00C72E64 /* CoreGraphics.framework in Frameworks */ = {isa = PBXBuildFile; fileRef = D7DB90E3128086EE00D6C442 /* CoreGraphics.framework */; };
		D775C4DC1287973B00C72E64 /* Foundation.framework in Frameworks */ = {isa = PBXBuildFile; fileRef = AACBBE490F95108600F1A2B1 /* Foundation.framework */; };
		D775C4DD1287973B00C72E64 /* UIKit.framework in Frameworks */ = {isa = PBXBuildFile; fileRef = D7B728161282271D00419F60 /* UIKit.framework */; };
		D775C4E01287978700C72E64 /* HazGame.m in Sources */ = {isa = PBXBuildFile; fileRef = D775C4DF1287978700C72E64 /* HazGame.m */; };
		D775C4E61287981500C72E64 /* main.m in Sources */ = {isa = PBXBuildFile; fileRef = D775C4E51287981500C72E64 /* main.m */; };
		D775C4E81287986C00C72E64 /* MainWindow.xib in Resources */ = {isa = PBXBuildFile; fileRef = D775C4E71287986C00C72E64 /* MainWindow.xib */; };
		D77E1BF71288A27800B75D60 /* CFNetwork.framework in Frameworks */ = {isa = PBXBuildFile; fileRef = D7DB90D7128086B100D6C442 /* CFNetwork.framework */; };
		D77E1BF81288A27800B75D60 /* MobileCoreServices.framework in Frameworks */ = {isa = PBXBuildFile; fileRef = D7DB90DF128086DE00D6C442 /* MobileCoreServices.framework */; };
		D77E1BF91288A27800B75D60 /* SystemConfiguration.framework in Frameworks */ = {isa = PBXBuildFile; fileRef = D7DB90DB128086C800D6C442 /* SystemConfiguration.framework */; };
		D77E1BFA1288A27800B75D60 /* libz.1.2.3.dylib in Frameworks */ = {isa = PBXBuildFile; fileRef = D7DB90E71280872000D6C442 /* libz.1.2.3.dylib */; };
		D7835649128C826300E19528 /* GMREmailFormatter.m in Sources */ = {isa = PBXBuildFile; fileRef = D7835648128C826300E19528 /* GMREmailFormatter.m */; };
		D7835678128C926E00E19528 /* GMRFormatter.m in Sources */ = {isa = PBXBuildFile; fileRef = D7835677128C926E00E19528 /* GMRFormatter.m */; };
		D7835685128C93A400E19528 /* GMRUsernameFormatter.m in Sources */ = {isa = PBXBuildFile; fileRef = D7835684128C93A400E19528 /* GMRUsernameFormatter.m */; };
		D7835688128C93B000E19528 /* GMRPasswordFormatter.m in Sources */ = {isa = PBXBuildFile; fileRef = D7835687128C93B000E19528 /* GMRPasswordFormatter.m */; };
		D78356B8128C9FB500E19528 /* AudioToolbox.framework in Frameworks */ = {isa = PBXBuildFile; fileRef = D78356B7128C9FB500E19528 /* AudioToolbox.framework */; };
		D7AFF525128A693200CF1A07 /* NSDate+JSON.m in Sources */ = {isa = PBXBuildFile; fileRef = D7AFF524128A693200CF1A07 /* NSDate+JSON.m */; };
		D7B41DFC1287AAE0005BD0B4 /* Default.png in Resources */ = {isa = PBXBuildFile; fileRef = D7B41DFA1287AAE0005BD0B4 /* Default.png */; };
		D7B41DFD1287AAE0005BD0B4 /* Default@2x.png in Resources */ = {isa = PBXBuildFile; fileRef = D7B41DFB1287AAE0005BD0B4 /* Default@2x.png */; };
		D7B41E081287ABD0005BD0B4 /* Icon.png in Resources */ = {isa = PBXBuildFile; fileRef = D7B41E061287ABD0005BD0B4 /* Icon.png */; };
		D7B41E091287ABD0005BD0B4 /* Icon@2x.png in Resources */ = {isa = PBXBuildFile; fileRef = D7B41E071287ABD0005BD0B4 /* Icon@2x.png */; };
		D7B7280E128226F100419F60 /* Foundation.framework in Frameworks */ = {isa = PBXBuildFile; fileRef = AACBBE490F95108600F1A2B1 /* Foundation.framework */; };
		D7B728141282270A00419F60 /* CoreGraphics.framework in Frameworks */ = {isa = PBXBuildFile; fileRef = D7DB90E3128086EE00D6C442 /* CoreGraphics.framework */; };
		D7B728171282271D00419F60 /* UIKit.framework in Frameworks */ = {isa = PBXBuildFile; fileRef = D7B728161282271D00419F60 /* UIKit.framework */; };
		D7B728331282275A00419F60 /* yajl_common.h in Headers */ = {isa = PBXBuildFile; fileRef = D7B7281C1282275A00419F60 /* yajl_common.h */; };
		D7B728341282275A00419F60 /* yajl_gen.h in Headers */ = {isa = PBXBuildFile; fileRef = D7B7281D1282275A00419F60 /* yajl_gen.h */; };
		D7B728351282275A00419F60 /* yajl_parse.h in Headers */ = {isa = PBXBuildFile; fileRef = D7B7281E1282275A00419F60 /* yajl_parse.h */; };
		D7B728361282275A00419F60 /* yajl_version.h in Headers */ = {isa = PBXBuildFile; fileRef = D7B7281F1282275A00419F60 /* yajl_version.h */; };
		D7B728371282275A00419F60 /* yajl_common.h in Headers */ = {isa = PBXBuildFile; fileRef = D7B728211282275A00419F60 /* yajl_common.h */; };
		D7B728381282275A00419F60 /* yajl_gen.h in Headers */ = {isa = PBXBuildFile; fileRef = D7B728221282275A00419F60 /* yajl_gen.h */; };
		D7B728391282275A00419F60 /* yajl_parse.h in Headers */ = {isa = PBXBuildFile; fileRef = D7B728231282275A00419F60 /* yajl_parse.h */; };
		D7B7283A1282275A00419F60 /* yajl_version.h in Headers */ = {isa = PBXBuildFile; fileRef = D7B728241282275A00419F60 /* yajl_version.h */; };
		D7B7283B1282275A00419F60 /* yajl.c in Sources */ = {isa = PBXBuildFile; fileRef = D7B728251282275A00419F60 /* yajl.c */; };
		D7B7283C1282275A00419F60 /* yajl_alloc.c in Sources */ = {isa = PBXBuildFile; fileRef = D7B728261282275A00419F60 /* yajl_alloc.c */; };
		D7B7283D1282275A00419F60 /* yajl_alloc.h in Headers */ = {isa = PBXBuildFile; fileRef = D7B728271282275A00419F60 /* yajl_alloc.h */; };
		D7B7283E1282275A00419F60 /* yajl_buf.c in Sources */ = {isa = PBXBuildFile; fileRef = D7B728281282275A00419F60 /* yajl_buf.c */; };
		D7B7283F1282275A00419F60 /* yajl_buf.h in Headers */ = {isa = PBXBuildFile; fileRef = D7B728291282275A00419F60 /* yajl_buf.h */; };
		D7B728401282275A00419F60 /* yajl_bytestack.h in Headers */ = {isa = PBXBuildFile; fileRef = D7B7282A1282275A00419F60 /* yajl_bytestack.h */; };
		D7B728411282275A00419F60 /* yajl_encode.c in Sources */ = {isa = PBXBuildFile; fileRef = D7B7282B1282275A00419F60 /* yajl_encode.c */; };
		D7B728421282275A00419F60 /* yajl_encode.h in Headers */ = {isa = PBXBuildFile; fileRef = D7B7282C1282275A00419F60 /* yajl_encode.h */; };
		D7B728431282275A00419F60 /* yajl_gen.c in Sources */ = {isa = PBXBuildFile; fileRef = D7B7282D1282275A00419F60 /* yajl_gen.c */; };
		D7B728441282275A00419F60 /* yajl_lex.c in Sources */ = {isa = PBXBuildFile; fileRef = D7B7282E1282275A00419F60 /* yajl_lex.c */; };
		D7B728451282275A00419F60 /* yajl_lex.h in Headers */ = {isa = PBXBuildFile; fileRef = D7B7282F1282275A00419F60 /* yajl_lex.h */; };
		D7B728461282275A00419F60 /* yajl_parser.c in Sources */ = {isa = PBXBuildFile; fileRef = D7B728301282275A00419F60 /* yajl_parser.c */; };
		D7B728471282275A00419F60 /* yajl_parser.h in Headers */ = {isa = PBXBuildFile; fileRef = D7B728311282275A00419F60 /* yajl_parser.h */; };
		D7B728481282275A00419F60 /* yajl_version.c in Sources */ = {isa = PBXBuildFile; fileRef = D7B728321282275A00419F60 /* yajl_version.c */; };
		D7B728541282278900419F60 /* NSBundle+YAJL.h in Headers */ = {isa = PBXBuildFile; fileRef = D7B728491282278900419F60 /* NSBundle+YAJL.h */; };
		D7B728551282278900419F60 /* NSBundle+YAJL.m in Sources */ = {isa = PBXBuildFile; fileRef = D7B7284A1282278900419F60 /* NSBundle+YAJL.m */; };
		D7B728561282278900419F60 /* NSObject+YAJL.h in Headers */ = {isa = PBXBuildFile; fileRef = D7B7284B1282278900419F60 /* NSObject+YAJL.h */; };
		D7B728571282278900419F60 /* NSObject+YAJL.m in Sources */ = {isa = PBXBuildFile; fileRef = D7B7284C1282278900419F60 /* NSObject+YAJL.m */; };
		D7B728581282278900419F60 /* YAJL.h in Headers */ = {isa = PBXBuildFile; fileRef = D7B7284D1282278900419F60 /* YAJL.h */; };
		D7B728591282278900419F60 /* YAJLDocument.h in Headers */ = {isa = PBXBuildFile; fileRef = D7B7284E1282278900419F60 /* YAJLDocument.h */; };
		D7B7285A1282278900419F60 /* YAJLDocument.m in Sources */ = {isa = PBXBuildFile; fileRef = D7B7284F1282278900419F60 /* YAJLDocument.m */; };
		D7B7285B1282278900419F60 /* YAJLGen.h in Headers */ = {isa = PBXBuildFile; fileRef = D7B728501282278900419F60 /* YAJLGen.h */; };
		D7B7285C1282278900419F60 /* YAJLGen.m in Sources */ = {isa = PBXBuildFile; fileRef = D7B728511282278900419F60 /* YAJLGen.m */; };
		D7B7285D1282278900419F60 /* YAJLParser.h in Headers */ = {isa = PBXBuildFile; fileRef = D7B728521282278900419F60 /* YAJLParser.h */; };
		D7B7285E1282278900419F60 /* YAJLParser.m in Sources */ = {isa = PBXBuildFile; fileRef = D7B728531282278900419F60 /* YAJLParser.m */; };
		D7B728711282287C00419F60 /* GHNSBundle+Utils.h in Headers */ = {isa = PBXBuildFile; fileRef = D7B7286C1282287C00419F60 /* GHNSBundle+Utils.h */; };
		D7B728721282287C00419F60 /* GHNSBundle+Utils.m in Sources */ = {isa = PBXBuildFile; fileRef = D7B7286D1282287C00419F60 /* GHNSBundle+Utils.m */; };
		D7B728731282287C00419F60 /* GTMBase64.h in Headers */ = {isa = PBXBuildFile; fileRef = D7B7286F1282287C00419F60 /* GTMBase64.h */; };
		D7B728741282287C00419F60 /* GTMBase64.m in Sources */ = {isa = PBXBuildFile; fileRef = D7B728701282287C00419F60 /* GTMBase64.m */; };
		D7B7287D128229BE00419F60 /* libYAJL.a in Frameworks */ = {isa = PBXBuildFile; fileRef = D7B7280B128226E700419F60 /* libYAJL.a */; };
		D7B7CB85128909D400DC33F4 /* GMRMainController.m in Sources */ = {isa = PBXBuildFile; fileRef = D7B7CB83128909D400DC33F4 /* GMRMainController.m */; };
		D7B7CB86128909D400DC33F4 /* GMRMainController.xib in Resources */ = {isa = PBXBuildFile; fileRef = D7B7CB84128909D400DC33F4 /* GMRMainController.xib */; };
		D7D23DA5128CE9A500C23711 /* GMRAlertView.m in Sources */ = {isa = PBXBuildFile; fileRef = D7D23DA3128CE9A500C23711 /* GMRAlertView.m */; };
		D7D23DA6128CE9A500C23711 /* GMRAlertView.xib in Resources */ = {isa = PBXBuildFile; fileRef = D7D23DA4128CE9A500C23711 /* GMRAlertView.xib */; };
		D7DB90A41280837D00D6C442 /* ASIAuthenticationDialog.h in Headers */ = {isa = PBXBuildFile; fileRef = D7DB90941280837D00D6C442 /* ASIAuthenticationDialog.h */; };
		D7DB90A51280837D00D6C442 /* ASIAuthenticationDialog.m in Sources */ = {isa = PBXBuildFile; fileRef = D7DB90951280837D00D6C442 /* ASIAuthenticationDialog.m */; };
		D7DB90A61280837D00D6C442 /* ASICacheDelegate.h in Headers */ = {isa = PBXBuildFile; fileRef = D7DB90961280837D00D6C442 /* ASICacheDelegate.h */; };
		D7DB90A71280837D00D6C442 /* ASIDownloadCache.h in Headers */ = {isa = PBXBuildFile; fileRef = D7DB90971280837D00D6C442 /* ASIDownloadCache.h */; };
		D7DB90A81280837D00D6C442 /* ASIDownloadCache.m in Sources */ = {isa = PBXBuildFile; fileRef = D7DB90981280837D00D6C442 /* ASIDownloadCache.m */; };
		D7DB90A91280837D00D6C442 /* ASIFormDataRequest.h in Headers */ = {isa = PBXBuildFile; fileRef = D7DB90991280837D00D6C442 /* ASIFormDataRequest.h */; };
		D7DB90AA1280837D00D6C442 /* ASIFormDataRequest.m in Sources */ = {isa = PBXBuildFile; fileRef = D7DB909A1280837D00D6C442 /* ASIFormDataRequest.m */; };
		D7DB90AB1280837D00D6C442 /* ASIHTTPRequest.h in Headers */ = {isa = PBXBuildFile; fileRef = D7DB909B1280837D00D6C442 /* ASIHTTPRequest.h */; };
		D7DB90AC1280837D00D6C442 /* ASIHTTPRequest.m in Sources */ = {isa = PBXBuildFile; fileRef = D7DB909C1280837D00D6C442 /* ASIHTTPRequest.m */; };
		D7DB90AD1280837D00D6C442 /* ASIHTTPRequestConfig.h in Headers */ = {isa = PBXBuildFile; fileRef = D7DB909D1280837D00D6C442 /* ASIHTTPRequestConfig.h */; };
		D7DB90AE1280837D00D6C442 /* ASIHTTPRequestDelegate.h in Headers */ = {isa = PBXBuildFile; fileRef = D7DB909E1280837D00D6C442 /* ASIHTTPRequestDelegate.h */; };
		D7DB90AF1280837D00D6C442 /* ASIInputStream.h in Headers */ = {isa = PBXBuildFile; fileRef = D7DB909F1280837D00D6C442 /* ASIInputStream.h */; };
		D7DB90B01280837D00D6C442 /* ASIInputStream.m in Sources */ = {isa = PBXBuildFile; fileRef = D7DB90A01280837D00D6C442 /* ASIInputStream.m */; };
		D7DB90B11280837D00D6C442 /* ASINetworkQueue.h in Headers */ = {isa = PBXBuildFile; fileRef = D7DB90A11280837D00D6C442 /* ASINetworkQueue.h */; };
		D7DB90B21280837D00D6C442 /* ASINetworkQueue.m in Sources */ = {isa = PBXBuildFile; fileRef = D7DB90A21280837D00D6C442 /* ASINetworkQueue.m */; };
		D7DB90B31280837D00D6C442 /* ASIProgressDelegate.h in Headers */ = {isa = PBXBuildFile; fileRef = D7DB90A31280837D00D6C442 /* ASIProgressDelegate.h */; };
		D7DB90BA128083C900D6C442 /* Reachability.h in Headers */ = {isa = PBXBuildFile; fileRef = D7DB90B8128083C900D6C442 /* Reachability.h */; };
		D7DB90BB128083C900D6C442 /* Reachability.m in Sources */ = {isa = PBXBuildFile; fileRef = D7DB90B9128083C900D6C442 /* Reachability.m */; };
		D7DB90BE1280851D00D6C442 /* libASIHttp.a in Frameworks */ = {isa = PBXBuildFile; fileRef = D7DB90901280832500D6C442 /* libASIHttp.a */; };
		D7DB91331280879200D6C442 /* CFNetwork.framework in Frameworks */ = {isa = PBXBuildFile; fileRef = D7DB90D7128086B100D6C442 /* CFNetwork.framework */; };
		D7DB91341280879C00D6C442 /* MobileCoreServices.framework in Frameworks */ = {isa = PBXBuildFile; fileRef = D7DB90DF128086DE00D6C442 /* MobileCoreServices.framework */; };
		D7DB9135128087A500D6C442 /* SystemConfiguration.framework in Frameworks */ = {isa = PBXBuildFile; fileRef = D7DB90DB128086C800D6C442 /* SystemConfiguration.framework */; };
		D7DB9136128087B200D6C442 /* libz.1.2.3.dylib in Frameworks */ = {isa = PBXBuildFile; fileRef = D7DB90E71280872000D6C442 /* libz.1.2.3.dylib */; };
		D7DB9138128087BF00D6C442 /* CoreGraphics.framework in Frameworks */ = {isa = PBXBuildFile; fileRef = D7DB90E3128086EE00D6C442 /* CoreGraphics.framework */; };
		D7DB913B128087FB00D6C442 /* CFNetwork.framework in Frameworks */ = {isa = PBXBuildFile; fileRef = D7DB90D7128086B100D6C442 /* CFNetwork.framework */; };
		D7DB913C128087FB00D6C442 /* CoreGraphics.framework in Frameworks */ = {isa = PBXBuildFile; fileRef = D7DB90E3128086EE00D6C442 /* CoreGraphics.framework */; };
		D7DB913D128087FB00D6C442 /* MobileCoreServices.framework in Frameworks */ = {isa = PBXBuildFile; fileRef = D7DB90DF128086DE00D6C442 /* MobileCoreServices.framework */; };
		D7DB913E128087FB00D6C442 /* SystemConfiguration.framework in Frameworks */ = {isa = PBXBuildFile; fileRef = D7DB90DB128086C800D6C442 /* SystemConfiguration.framework */; };
		D7DB913F128087FB00D6C442 /* libz.1.2.3.dylib in Frameworks */ = {isa = PBXBuildFile; fileRef = D7DB90E71280872000D6C442 /* libz.1.2.3.dylib */; };
		D7DB914A1280886300D6C442 /* CFNetwork.framework in Frameworks */ = {isa = PBXBuildFile; fileRef = D7DB90D7128086B100D6C442 /* CFNetwork.framework */; };
		D7DB914B1280886300D6C442 /* CoreGraphics.framework in Frameworks */ = {isa = PBXBuildFile; fileRef = D7DB90E3128086EE00D6C442 /* CoreGraphics.framework */; };
		D7DB914C1280886300D6C442 /* MobileCoreServices.framework in Frameworks */ = {isa = PBXBuildFile; fileRef = D7DB90DF128086DE00D6C442 /* MobileCoreServices.framework */; };
		D7DB914D1280886300D6C442 /* SystemConfiguration.framework in Frameworks */ = {isa = PBXBuildFile; fileRef = D7DB90DB128086C800D6C442 /* SystemConfiguration.framework */; };
		D7DB914E1280886300D6C442 /* libz.1.2.3.dylib in Frameworks */ = {isa = PBXBuildFile; fileRef = D7DB90E71280872000D6C442 /* libz.1.2.3.dylib */; };
		D7DB92671280A1FC00D6C442 /* GMRRequest.h in Headers */ = {isa = PBXBuildFile; fileRef = D7DB92651280A1FC00D6C442 /* GMRRequest.h */; };
		D7DB92681280A1FC00D6C442 /* GMRRequest.m in Sources */ = {isa = PBXBuildFile; fileRef = D7DB92661280A1FC00D6C442 /* GMRRequest.m */; };
		D7DB927C1280A74D00D6C442 /* GMRTypes.h in Headers */ = {isa = PBXBuildFile; fileRef = D7DB927B1280A74D00D6C442 /* GMRTypes.h */; };
		D7DB93331280B14000D6C442 /* GMRUtils.h in Headers */ = {isa = PBXBuildFile; fileRef = D7DB93311280B14000D6C442 /* GMRUtils.h */; };
		D7DB93341280B14000D6C442 /* GMRUtils.m in Sources */ = {isa = PBXBuildFile; fileRef = D7DB93321280B14000D6C442 /* GMRUtils.m */; };
		D7DDD79B127FD3BA00C29265 /* Gamer_Prefix.pch in Headers */ = {isa = PBXBuildFile; fileRef = AA747D9E0F9514B9006C5449 /* Gamer_Prefix.pch */; };
		D7DDD79E127FD3BA00C29265 /* Foundation.framework in Frameworks */ = {isa = PBXBuildFile; fileRef = AACBBE490F95108600F1A2B1 /* Foundation.framework */; };
		D7DDD7AE127FD42400C29265 /* InitializationTests.m in Sources */ = {isa = PBXBuildFile; fileRef = D7DDD7AD127FD42400C29265 /* InitializationTests.m */; };
		D7DDD7B9127FD49100C29265 /* GMRClient.h in Headers */ = {isa = PBXBuildFile; fileRef = D7DDD7B7127FD49100C29265 /* GMRClient.h */; };
		D7DDD7BA127FD49100C29265 /* GMRClient.m in Sources */ = {isa = PBXBuildFile; fileRef = D7DDD7B8127FD49100C29265 /* GMRClient.m */; };
		D7DDD810127FDB4A00C29265 /* libGamer.a in Frameworks */ = {isa = PBXBuildFile; fileRef = D2AAC07E0554694100DB518D /* libGamer.a */; };
		D7DDD81D127FDBC800C29265 /* libGamer.a in Frameworks */ = {isa = PBXBuildFile; fileRef = D2AAC07E0554694100DB518D /* libGamer.a */; };
		D7EEAD86128A11BF0022AF4E /* OverviewController.m in Sources */ = {isa = PBXBuildFile; fileRef = D7EEAD84128A11BF0022AF4E /* OverviewController.m */; };
		D7EEAD87128A11BF0022AF4E /* OverviewController.xib in Resources */ = {isa = PBXBuildFile; fileRef = D7EEAD85128A11BF0022AF4E /* OverviewController.xib */; };
		D7EEAE56128A20E90022AF4E /* GMRScheduledMatchesForUser.m in Sources */ = {isa = PBXBuildFile; fileRef = D7EEAE55128A20E90022AF4E /* GMRScheduledMatchesForUser.m */; };
/* End PBXBuildFile section */

/* Begin PBXContainerItemProxy section */
		D775C4BB128795D100C72E64 /* PBXContainerItemProxy */ = {
			isa = PBXContainerItemProxy;
			containerPortal = 0867D690FE84028FC02AAC07 /* Project object */;
			proxyType = 1;
			remoteGlobalIDString = D2AAC07D0554694100DB518D;
			remoteInfo = Gamer;
		};
		D77E1BD61288A0EA00B75D60 /* PBXContainerItemProxy */ = {
			isa = PBXContainerItemProxy;
			containerPortal = 0867D690FE84028FC02AAC07 /* Project object */;
			proxyType = 1;
			remoteGlobalIDString = D7DB908F1280832500D6C442;
			remoteInfo = ASIHttp;
		};
		D7CD224B1289E76400E26772 /* PBXContainerItemProxy */ = {
			isa = PBXContainerItemProxy;
			containerPortal = 0867D690FE84028FC02AAC07 /* Project object */;
			proxyType = 1;
			remoteGlobalIDString = D7B7280A128226E700419F60;
			remoteInfo = YAJL;
		};
		D7DB93921280B91900D6C442 /* PBXContainerItemProxy */ = {
			isa = PBXContainerItemProxy;
			containerPortal = 0867D690FE84028FC02AAC07 /* Project object */;
			proxyType = 1;
			remoteGlobalIDString = D7DB908F1280832500D6C442;
			remoteInfo = ASIHttp;
		};
		D7DDD7F0127FD9F200C29265 /* PBXContainerItemProxy */ = {
			isa = PBXContainerItemProxy;
			containerPortal = 0867D690FE84028FC02AAC07 /* Project object */;
			proxyType = 1;
			remoteGlobalIDString = D7DDD792127FD3A100C29265;
			remoteInfo = GamerTests;
		};
		D7DDD819127FDBB700C29265 /* PBXContainerItemProxy */ = {
			isa = PBXContainerItemProxy;
			containerPortal = 0867D690FE84028FC02AAC07 /* Project object */;
			proxyType = 1;
			remoteGlobalIDString = D2AAC07D0554694100DB518D;
			remoteInfo = Gamer;
		};
/* End PBXContainerItemProxy section */

/* Begin PBXFileReference section */
		AA747D9E0F9514B9006C5449 /* Gamer_Prefix.pch */ = {isa = PBXFileReference; fileEncoding = 4; lastKnownFileType = sourcecode.c.h; path = Gamer_Prefix.pch; sourceTree = SOURCE_ROOT; };
		AACBBE490F95108600F1A2B1 /* Foundation.framework */ = {isa = PBXFileReference; lastKnownFileType = wrapper.framework; name = Foundation.framework; path = System/Library/Frameworks/Foundation.framework; sourceTree = SDKROOT; };
		D2AAC07E0554694100DB518D /* libGamer.a */ = {isa = PBXFileReference; explicitFileType = archive.ar; includeInIndex = 0; path = libGamer.a; sourceTree = BUILT_PRODUCTS_DIR; };
		D727C32E1287D098001F2BAF /* GMRAuthenticationController.h */ = {isa = PBXFileReference; fileEncoding = 4; lastKnownFileType = sourcecode.c.h; path = GMRAuthenticationController.h; sourceTree = "<group>"; };
		D727C32F1287D098001F2BAF /* GMRAuthenticationController.m */ = {isa = PBXFileReference; fileEncoding = 4; lastKnownFileType = sourcecode.c.objc; path = GMRAuthenticationController.m; sourceTree = "<group>"; };
		D727C3301287D098001F2BAF /* GMRAuthenticationController.xib */ = {isa = PBXFileReference; lastKnownFileType = file.xib; path = GMRAuthenticationController.xib; sourceTree = "<group>"; };
		D727C3341287D163001F2BAF /* GMRAuthenticationInputController.h */ = {isa = PBXFileReference; fileEncoding = 4; lastKnownFileType = sourcecode.c.h; path = GMRAuthenticationInputController.h; sourceTree = "<group>"; };
		D727C3351287D163001F2BAF /* GMRAuthenticationInputController.m */ = {isa = PBXFileReference; fileEncoding = 4; lastKnownFileType = sourcecode.c.objc; path = GMRAuthenticationInputController.m; sourceTree = "<group>"; };
		D727C3361287D163001F2BAF /* GMRAuthenticationInputController.xib */ = {isa = PBXFileReference; lastKnownFileType = file.xib; path = GMRAuthenticationInputController.xib; sourceTree = "<group>"; };
		D72E3DAC128B15050083464E /* GMRAuthenticationNewAccount.h */ = {isa = PBXFileReference; fileEncoding = 4; lastKnownFileType = sourcecode.c.h; path = GMRAuthenticationNewAccount.h; sourceTree = "<group>"; };
		D72E3DAD128B15050083464E /* GMRAuthenticationNewAccount.m */ = {isa = PBXFileReference; fileEncoding = 4; lastKnownFileType = sourcecode.c.objc; path = GMRAuthenticationNewAccount.m; sourceTree = "<group>"; };
		D72E3DAE128B15050083464E /* GMRAuthenticationNewAccount.xib */ = {isa = PBXFileReference; lastKnownFileType = file.xib; path = GMRAuthenticationNewAccount.xib; sourceTree = "<group>"; };
		D775C4B2128795A400C72E64 /* HazGame.app */ = {isa = PBXFileReference; explicitFileType = wrapper.application; includeInIndex = 0; path = HazGame.app; sourceTree = BUILT_PRODUCTS_DIR; };
		D775C4B4128795A400C72E64 /* HazGame-Info.plist */ = {isa = PBXFileReference; lastKnownFileType = text.plist.xml; path = "HazGame-Info.plist"; sourceTree = "<group>"; };
		D775C4DE1287978700C72E64 /* HazGame.h */ = {isa = PBXFileReference; fileEncoding = 4; lastKnownFileType = sourcecode.c.h; path = HazGame.h; sourceTree = "<group>"; };
		D775C4DF1287978700C72E64 /* HazGame.m */ = {isa = PBXFileReference; fileEncoding = 4; lastKnownFileType = sourcecode.c.objc; path = HazGame.m; sourceTree = "<group>"; };
		D775C4E41287981500C72E64 /* HazGame_Prefix.pch */ = {isa = PBXFileReference; fileEncoding = 4; lastKnownFileType = sourcecode.c.h; path = HazGame_Prefix.pch; sourceTree = "<group>"; };
		D775C4E51287981500C72E64 /* main.m */ = {isa = PBXFileReference; fileEncoding = 4; lastKnownFileType = sourcecode.c.objc; path = main.m; sourceTree = "<group>"; };
		D775C4E71287986C00C72E64 /* MainWindow.xib */ = {isa = PBXFileReference; lastKnownFileType = file.xib; path = MainWindow.xib; sourceTree = "<group>"; };
		D77E1BBB12889F3000B75D60 /* GMRGlobals.h */ = {isa = PBXFileReference; fileEncoding = 4; lastKnownFileType = sourcecode.c.h; path = GMRGlobals.h; sourceTree = "<group>"; };
		D7835647128C826300E19528 /* GMREmailFormatter.h */ = {isa = PBXFileReference; fileEncoding = 4; lastKnownFileType = sourcecode.c.h; path = GMREmailFormatter.h; sourceTree = "<group>"; };
		D7835648128C826300E19528 /* GMREmailFormatter.m */ = {isa = PBXFileReference; fileEncoding = 4; lastKnownFileType = sourcecode.c.objc; path = GMREmailFormatter.m; sourceTree = "<group>"; };
		D7835676128C926E00E19528 /* GMRFormatter.h */ = {isa = PBXFileReference; fileEncoding = 4; lastKnownFileType = sourcecode.c.h; path = GMRFormatter.h; sourceTree = "<group>"; };
		D7835677128C926E00E19528 /* GMRFormatter.m */ = {isa = PBXFileReference; fileEncoding = 4; lastKnownFileType = sourcecode.c.objc; path = GMRFormatter.m; sourceTree = "<group>"; };
		D7835683128C93A400E19528 /* GMRUsernameFormatter.h */ = {isa = PBXFileReference; fileEncoding = 4; lastKnownFileType = sourcecode.c.h; path = GMRUsernameFormatter.h; sourceTree = "<group>"; };
		D7835684128C93A400E19528 /* GMRUsernameFormatter.m */ = {isa = PBXFileReference; fileEncoding = 4; lastKnownFileType = sourcecode.c.objc; path = GMRUsernameFormatter.m; sourceTree = "<group>"; };
		D7835686128C93B000E19528 /* GMRPasswordFormatter.h */ = {isa = PBXFileReference; fileEncoding = 4; lastKnownFileType = sourcecode.c.h; path = GMRPasswordFormatter.h; sourceTree = "<group>"; };
		D7835687128C93B000E19528 /* GMRPasswordFormatter.m */ = {isa = PBXFileReference; fileEncoding = 4; lastKnownFileType = sourcecode.c.objc; path = GMRPasswordFormatter.m; sourceTree = "<group>"; };
		D78356B7128C9FB500E19528 /* AudioToolbox.framework */ = {isa = PBXFileReference; lastKnownFileType = wrapper.framework; name = AudioToolbox.framework; path = System/Library/Frameworks/AudioToolbox.framework; sourceTree = SDKROOT; };
		D7AFF523128A693200CF1A07 /* NSDate+JSON.h */ = {isa = PBXFileReference; fileEncoding = 4; lastKnownFileType = sourcecode.c.h; path = "NSDate+JSON.h"; sourceTree = "<group>"; };
		D7AFF524128A693200CF1A07 /* NSDate+JSON.m */ = {isa = PBXFileReference; fileEncoding = 4; lastKnownFileType = sourcecode.c.objc; path = "NSDate+JSON.m"; sourceTree = "<group>"; };
		D7B41DFA1287AAE0005BD0B4 /* Default.png */ = {isa = PBXFileReference; lastKnownFileType = image.png; path = Default.png; sourceTree = "<group>"; };
		D7B41DFB1287AAE0005BD0B4 /* Default@2x.png */ = {isa = PBXFileReference; lastKnownFileType = image.png; path = "Default@2x.png"; sourceTree = "<group>"; };
		D7B41E061287ABD0005BD0B4 /* Icon.png */ = {isa = PBXFileReference; lastKnownFileType = image.png; path = Icon.png; sourceTree = "<group>"; };
		D7B41E071287ABD0005BD0B4 /* Icon@2x.png */ = {isa = PBXFileReference; lastKnownFileType = image.png; path = "Icon@2x.png"; sourceTree = "<group>"; };
		D7B7280B128226E700419F60 /* libYAJL.a */ = {isa = PBXFileReference; explicitFileType = archive.ar; includeInIndex = 0; path = libYAJL.a; sourceTree = BUILT_PRODUCTS_DIR; };
		D7B728161282271D00419F60 /* UIKit.framework */ = {isa = PBXFileReference; lastKnownFileType = wrapper.framework; name = UIKit.framework; path = System/Library/Frameworks/UIKit.framework; sourceTree = SDKROOT; };
		D7B7281C1282275A00419F60 /* yajl_common.h */ = {isa = PBXFileReference; fileEncoding = 4; lastKnownFileType = sourcecode.c.h; path = yajl_common.h; sourceTree = "<group>"; };
		D7B7281D1282275A00419F60 /* yajl_gen.h */ = {isa = PBXFileReference; fileEncoding = 4; lastKnownFileType = sourcecode.c.h; path = yajl_gen.h; sourceTree = "<group>"; };
		D7B7281E1282275A00419F60 /* yajl_parse.h */ = {isa = PBXFileReference; fileEncoding = 4; lastKnownFileType = sourcecode.c.h; path = yajl_parse.h; sourceTree = "<group>"; };
		D7B7281F1282275A00419F60 /* yajl_version.h */ = {isa = PBXFileReference; fileEncoding = 4; lastKnownFileType = sourcecode.c.h; path = yajl_version.h; sourceTree = "<group>"; };
		D7B728211282275A00419F60 /* yajl_common.h */ = {isa = PBXFileReference; fileEncoding = 4; lastKnownFileType = sourcecode.c.h; path = yajl_common.h; sourceTree = "<group>"; };
		D7B728221282275A00419F60 /* yajl_gen.h */ = {isa = PBXFileReference; fileEncoding = 4; lastKnownFileType = sourcecode.c.h; path = yajl_gen.h; sourceTree = "<group>"; };
		D7B728231282275A00419F60 /* yajl_parse.h */ = {isa = PBXFileReference; fileEncoding = 4; lastKnownFileType = sourcecode.c.h; path = yajl_parse.h; sourceTree = "<group>"; };
		D7B728241282275A00419F60 /* yajl_version.h */ = {isa = PBXFileReference; fileEncoding = 4; lastKnownFileType = sourcecode.c.h; path = yajl_version.h; sourceTree = "<group>"; };
		D7B728251282275A00419F60 /* yajl.c */ = {isa = PBXFileReference; fileEncoding = 4; lastKnownFileType = sourcecode.c.c; path = yajl.c; sourceTree = "<group>"; };
		D7B728261282275A00419F60 /* yajl_alloc.c */ = {isa = PBXFileReference; fileEncoding = 4; lastKnownFileType = sourcecode.c.c; path = yajl_alloc.c; sourceTree = "<group>"; };
		D7B728271282275A00419F60 /* yajl_alloc.h */ = {isa = PBXFileReference; fileEncoding = 4; lastKnownFileType = sourcecode.c.h; path = yajl_alloc.h; sourceTree = "<group>"; };
		D7B728281282275A00419F60 /* yajl_buf.c */ = {isa = PBXFileReference; fileEncoding = 4; lastKnownFileType = sourcecode.c.c; path = yajl_buf.c; sourceTree = "<group>"; };
		D7B728291282275A00419F60 /* yajl_buf.h */ = {isa = PBXFileReference; fileEncoding = 4; lastKnownFileType = sourcecode.c.h; path = yajl_buf.h; sourceTree = "<group>"; };
		D7B7282A1282275A00419F60 /* yajl_bytestack.h */ = {isa = PBXFileReference; fileEncoding = 4; lastKnownFileType = sourcecode.c.h; path = yajl_bytestack.h; sourceTree = "<group>"; };
		D7B7282B1282275A00419F60 /* yajl_encode.c */ = {isa = PBXFileReference; fileEncoding = 4; lastKnownFileType = sourcecode.c.c; path = yajl_encode.c; sourceTree = "<group>"; };
		D7B7282C1282275A00419F60 /* yajl_encode.h */ = {isa = PBXFileReference; fileEncoding = 4; lastKnownFileType = sourcecode.c.h; path = yajl_encode.h; sourceTree = "<group>"; };
		D7B7282D1282275A00419F60 /* yajl_gen.c */ = {isa = PBXFileReference; fileEncoding = 4; lastKnownFileType = sourcecode.c.c; path = yajl_gen.c; sourceTree = "<group>"; };
		D7B7282E1282275A00419F60 /* yajl_lex.c */ = {isa = PBXFileReference; fileEncoding = 4; lastKnownFileType = sourcecode.c.c; path = yajl_lex.c; sourceTree = "<group>"; };
		D7B7282F1282275A00419F60 /* yajl_lex.h */ = {isa = PBXFileReference; fileEncoding = 4; lastKnownFileType = sourcecode.c.h; path = yajl_lex.h; sourceTree = "<group>"; };
		D7B728301282275A00419F60 /* yajl_parser.c */ = {isa = PBXFileReference; fileEncoding = 4; lastKnownFileType = sourcecode.c.c; path = yajl_parser.c; sourceTree = "<group>"; };
		D7B728311282275A00419F60 /* yajl_parser.h */ = {isa = PBXFileReference; fileEncoding = 4; lastKnownFileType = sourcecode.c.h; path = yajl_parser.h; sourceTree = "<group>"; };
		D7B728321282275A00419F60 /* yajl_version.c */ = {isa = PBXFileReference; fileEncoding = 4; lastKnownFileType = sourcecode.c.c; path = yajl_version.c; sourceTree = "<group>"; };
		D7B728491282278900419F60 /* NSBundle+YAJL.h */ = {isa = PBXFileReference; fileEncoding = 4; lastKnownFileType = sourcecode.c.h; path = "NSBundle+YAJL.h"; sourceTree = "<group>"; };
		D7B7284A1282278900419F60 /* NSBundle+YAJL.m */ = {isa = PBXFileReference; fileEncoding = 4; lastKnownFileType = sourcecode.c.objc; path = "NSBundle+YAJL.m"; sourceTree = "<group>"; };
		D7B7284B1282278900419F60 /* NSObject+YAJL.h */ = {isa = PBXFileReference; fileEncoding = 4; lastKnownFileType = sourcecode.c.h; path = "NSObject+YAJL.h"; sourceTree = "<group>"; };
		D7B7284C1282278900419F60 /* NSObject+YAJL.m */ = {isa = PBXFileReference; fileEncoding = 4; lastKnownFileType = sourcecode.c.objc; path = "NSObject+YAJL.m"; sourceTree = "<group>"; };
		D7B7284D1282278900419F60 /* YAJL.h */ = {isa = PBXFileReference; fileEncoding = 4; lastKnownFileType = sourcecode.c.h; path = YAJL.h; sourceTree = "<group>"; };
		D7B7284E1282278900419F60 /* YAJLDocument.h */ = {isa = PBXFileReference; fileEncoding = 4; lastKnownFileType = sourcecode.c.h; path = YAJLDocument.h; sourceTree = "<group>"; };
		D7B7284F1282278900419F60 /* YAJLDocument.m */ = {isa = PBXFileReference; fileEncoding = 4; lastKnownFileType = sourcecode.c.objc; path = YAJLDocument.m; sourceTree = "<group>"; };
		D7B728501282278900419F60 /* YAJLGen.h */ = {isa = PBXFileReference; fileEncoding = 4; lastKnownFileType = sourcecode.c.h; path = YAJLGen.h; sourceTree = "<group>"; };
		D7B728511282278900419F60 /* YAJLGen.m */ = {isa = PBXFileReference; fileEncoding = 4; lastKnownFileType = sourcecode.c.objc; path = YAJLGen.m; sourceTree = "<group>"; };
		D7B728521282278900419F60 /* YAJLParser.h */ = {isa = PBXFileReference; fileEncoding = 4; lastKnownFileType = sourcecode.c.h; path = YAJLParser.h; sourceTree = "<group>"; };
		D7B728531282278900419F60 /* YAJLParser.m */ = {isa = PBXFileReference; fileEncoding = 4; lastKnownFileType = sourcecode.c.objc; path = YAJLParser.m; sourceTree = "<group>"; };
		D7B7286C1282287C00419F60 /* GHNSBundle+Utils.h */ = {isa = PBXFileReference; fileEncoding = 4; lastKnownFileType = sourcecode.c.h; path = "GHNSBundle+Utils.h"; sourceTree = "<group>"; };
		D7B7286D1282287C00419F60 /* GHNSBundle+Utils.m */ = {isa = PBXFileReference; fileEncoding = 4; lastKnownFileType = sourcecode.c.objc; path = "GHNSBundle+Utils.m"; sourceTree = "<group>"; };
		D7B7286F1282287C00419F60 /* GTMBase64.h */ = {isa = PBXFileReference; fileEncoding = 4; lastKnownFileType = sourcecode.c.h; path = GTMBase64.h; sourceTree = "<group>"; };
		D7B728701282287C00419F60 /* GTMBase64.m */ = {isa = PBXFileReference; fileEncoding = 4; lastKnownFileType = sourcecode.c.objc; path = GTMBase64.m; sourceTree = "<group>"; };
		D7B7CB82128909D400DC33F4 /* GMRMainController.h */ = {isa = PBXFileReference; fileEncoding = 4; lastKnownFileType = sourcecode.c.h; path = GMRMainController.h; sourceTree = "<group>"; };
		D7B7CB83128909D400DC33F4 /* GMRMainController.m */ = {isa = PBXFileReference; fileEncoding = 4; lastKnownFileType = sourcecode.c.objc; path = GMRMainController.m; sourceTree = "<group>"; };
		D7B7CB84128909D400DC33F4 /* GMRMainController.xib */ = {isa = PBXFileReference; lastKnownFileType = file.xib; path = GMRMainController.xib; sourceTree = "<group>"; };
		D7D23DA2128CE9A500C23711 /* GMRAlertView.h */ = {isa = PBXFileReference; fileEncoding = 4; lastKnownFileType = sourcecode.c.h; path = GMRAlertView.h; sourceTree = "<group>"; };
		D7D23DA3128CE9A500C23711 /* GMRAlertView.m */ = {isa = PBXFileReference; fileEncoding = 4; lastKnownFileType = sourcecode.c.objc; path = GMRAlertView.m; sourceTree = "<group>"; };
		D7D23DA4128CE9A500C23711 /* GMRAlertView.xib */ = {isa = PBXFileReference; lastKnownFileType = file.xib; path = GMRAlertView.xib; sourceTree = "<group>"; };
		D7DB90901280832500D6C442 /* libASIHttp.a */ = {isa = PBXFileReference; explicitFileType = archive.ar; includeInIndex = 0; path = libASIHttp.a; sourceTree = BUILT_PRODUCTS_DIR; };
		D7DB90941280837D00D6C442 /* ASIAuthenticationDialog.h */ = {isa = PBXFileReference; fileEncoding = 4; lastKnownFileType = sourcecode.c.h; path = ASIAuthenticationDialog.h; sourceTree = "<group>"; };
		D7DB90951280837D00D6C442 /* ASIAuthenticationDialog.m */ = {isa = PBXFileReference; fileEncoding = 4; lastKnownFileType = sourcecode.c.objc; path = ASIAuthenticationDialog.m; sourceTree = "<group>"; };
		D7DB90961280837D00D6C442 /* ASICacheDelegate.h */ = {isa = PBXFileReference; fileEncoding = 4; lastKnownFileType = sourcecode.c.h; path = ASICacheDelegate.h; sourceTree = "<group>"; };
		D7DB90971280837D00D6C442 /* ASIDownloadCache.h */ = {isa = PBXFileReference; fileEncoding = 4; lastKnownFileType = sourcecode.c.h; path = ASIDownloadCache.h; sourceTree = "<group>"; };
		D7DB90981280837D00D6C442 /* ASIDownloadCache.m */ = {isa = PBXFileReference; fileEncoding = 4; lastKnownFileType = sourcecode.c.objc; path = ASIDownloadCache.m; sourceTree = "<group>"; };
		D7DB90991280837D00D6C442 /* ASIFormDataRequest.h */ = {isa = PBXFileReference; fileEncoding = 4; lastKnownFileType = sourcecode.c.h; path = ASIFormDataRequest.h; sourceTree = "<group>"; };
		D7DB909A1280837D00D6C442 /* ASIFormDataRequest.m */ = {isa = PBXFileReference; fileEncoding = 4; lastKnownFileType = sourcecode.c.objc; path = ASIFormDataRequest.m; sourceTree = "<group>"; };
		D7DB909B1280837D00D6C442 /* ASIHTTPRequest.h */ = {isa = PBXFileReference; fileEncoding = 4; lastKnownFileType = sourcecode.c.h; path = ASIHTTPRequest.h; sourceTree = "<group>"; };
		D7DB909C1280837D00D6C442 /* ASIHTTPRequest.m */ = {isa = PBXFileReference; fileEncoding = 4; lastKnownFileType = sourcecode.c.objc; path = ASIHTTPRequest.m; sourceTree = "<group>"; };
		D7DB909D1280837D00D6C442 /* ASIHTTPRequestConfig.h */ = {isa = PBXFileReference; fileEncoding = 4; lastKnownFileType = sourcecode.c.h; path = ASIHTTPRequestConfig.h; sourceTree = "<group>"; };
		D7DB909E1280837D00D6C442 /* ASIHTTPRequestDelegate.h */ = {isa = PBXFileReference; fileEncoding = 4; lastKnownFileType = sourcecode.c.h; path = ASIHTTPRequestDelegate.h; sourceTree = "<group>"; };
		D7DB909F1280837D00D6C442 /* ASIInputStream.h */ = {isa = PBXFileReference; fileEncoding = 4; lastKnownFileType = sourcecode.c.h; path = ASIInputStream.h; sourceTree = "<group>"; };
		D7DB90A01280837D00D6C442 /* ASIInputStream.m */ = {isa = PBXFileReference; fileEncoding = 4; lastKnownFileType = sourcecode.c.objc; path = ASIInputStream.m; sourceTree = "<group>"; };
		D7DB90A11280837D00D6C442 /* ASINetworkQueue.h */ = {isa = PBXFileReference; fileEncoding = 4; lastKnownFileType = sourcecode.c.h; path = ASINetworkQueue.h; sourceTree = "<group>"; };
		D7DB90A21280837D00D6C442 /* ASINetworkQueue.m */ = {isa = PBXFileReference; fileEncoding = 4; lastKnownFileType = sourcecode.c.objc; path = ASINetworkQueue.m; sourceTree = "<group>"; };
		D7DB90A31280837D00D6C442 /* ASIProgressDelegate.h */ = {isa = PBXFileReference; fileEncoding = 4; lastKnownFileType = sourcecode.c.h; path = ASIProgressDelegate.h; sourceTree = "<group>"; };
		D7DB90B8128083C900D6C442 /* Reachability.h */ = {isa = PBXFileReference; fileEncoding = 4; lastKnownFileType = sourcecode.c.h; path = Reachability.h; sourceTree = "<group>"; };
		D7DB90B9128083C900D6C442 /* Reachability.m */ = {isa = PBXFileReference; fileEncoding = 4; lastKnownFileType = sourcecode.c.objc; path = Reachability.m; sourceTree = "<group>"; };
		D7DB90D7128086B100D6C442 /* CFNetwork.framework */ = {isa = PBXFileReference; lastKnownFileType = wrapper.framework; name = CFNetwork.framework; path = System/Library/Frameworks/CFNetwork.framework; sourceTree = SDKROOT; };
		D7DB90DB128086C800D6C442 /* SystemConfiguration.framework */ = {isa = PBXFileReference; lastKnownFileType = wrapper.framework; name = SystemConfiguration.framework; path = System/Library/Frameworks/SystemConfiguration.framework; sourceTree = SDKROOT; };
		D7DB90DF128086DE00D6C442 /* MobileCoreServices.framework */ = {isa = PBXFileReference; lastKnownFileType = wrapper.framework; name = MobileCoreServices.framework; path = System/Library/Frameworks/MobileCoreServices.framework; sourceTree = SDKROOT; };
		D7DB90E3128086EE00D6C442 /* CoreGraphics.framework */ = {isa = PBXFileReference; lastKnownFileType = wrapper.framework; name = CoreGraphics.framework; path = System/Library/Frameworks/CoreGraphics.framework; sourceTree = SDKROOT; };
		D7DB90E71280872000D6C442 /* libz.1.2.3.dylib */ = {isa = PBXFileReference; lastKnownFileType = "compiled.mach-o.dylib"; name = libz.1.2.3.dylib; path = usr/lib/libz.1.2.3.dylib; sourceTree = SDKROOT; };
		D7DB92651280A1FC00D6C442 /* GMRRequest.h */ = {isa = PBXFileReference; fileEncoding = 4; lastKnownFileType = sourcecode.c.h; path = GMRRequest.h; sourceTree = "<group>"; };
		D7DB92661280A1FC00D6C442 /* GMRRequest.m */ = {isa = PBXFileReference; fileEncoding = 4; lastKnownFileType = sourcecode.c.objc; path = GMRRequest.m; sourceTree = "<group>"; };
		D7DB927B1280A74D00D6C442 /* GMRTypes.h */ = {isa = PBXFileReference; fileEncoding = 4; lastKnownFileType = sourcecode.c.h; path = GMRTypes.h; sourceTree = "<group>"; };
		D7DB93311280B14000D6C442 /* GMRUtils.h */ = {isa = PBXFileReference; fileEncoding = 4; lastKnownFileType = sourcecode.c.h; path = GMRUtils.h; sourceTree = "<group>"; };
		D7DB93321280B14000D6C442 /* GMRUtils.m */ = {isa = PBXFileReference; fileEncoding = 4; lastKnownFileType = sourcecode.c.objc; path = GMRUtils.m; sourceTree = "<group>"; };
		D7DDD793127FD3A100C29265 /* GamerTests.octest */ = {isa = PBXFileReference; explicitFileType = wrapper.cfbundle; includeInIndex = 0; path = GamerTests.octest; sourceTree = BUILT_PRODUCTS_DIR; };
		D7DDD794127FD3A100C29265 /* GamerTests-Info.plist */ = {isa = PBXFileReference; lastKnownFileType = text.plist.xml; path = "GamerTests-Info.plist"; sourceTree = "<group>"; };
		D7DDD7A2127FD3BA00C29265 /* libGamerTesting.a */ = {isa = PBXFileReference; explicitFileType = archive.ar; includeInIndex = 0; path = libGamerTesting.a; sourceTree = BUILT_PRODUCTS_DIR; };
		D7DDD7AC127FD42400C29265 /* InitializationTests.h */ = {isa = PBXFileReference; fileEncoding = 4; lastKnownFileType = sourcecode.c.h; path = InitializationTests.h; sourceTree = "<group>"; };
		D7DDD7AD127FD42400C29265 /* InitializationTests.m */ = {isa = PBXFileReference; fileEncoding = 4; lastKnownFileType = sourcecode.c.objc; path = InitializationTests.m; sourceTree = "<group>"; };
		D7DDD7B7127FD49100C29265 /* GMRClient.h */ = {isa = PBXFileReference; fileEncoding = 4; lastKnownFileType = sourcecode.c.h; path = GMRClient.h; sourceTree = "<group>"; };
		D7DDD7B8127FD49100C29265 /* GMRClient.m */ = {isa = PBXFileReference; fileEncoding = 4; lastKnownFileType = sourcecode.c.objc; path = GMRClient.m; sourceTree = "<group>"; };
		D7EEAD83128A11BF0022AF4E /* OverviewController.h */ = {isa = PBXFileReference; fileEncoding = 4; lastKnownFileType = sourcecode.c.h; path = OverviewController.h; sourceTree = "<group>"; };
		D7EEAD84128A11BF0022AF4E /* OverviewController.m */ = {isa = PBXFileReference; fileEncoding = 4; lastKnownFileType = sourcecode.c.objc; path = OverviewController.m; sourceTree = "<group>"; };
		D7EEAD85128A11BF0022AF4E /* OverviewController.xib */ = {isa = PBXFileReference; lastKnownFileType = file.xib; path = OverviewController.xib; sourceTree = "<group>"; };
		D7EEAE54128A20E90022AF4E /* GMRScheduledMatchesForUser.h */ = {isa = PBXFileReference; fileEncoding = 4; lastKnownFileType = sourcecode.c.h; path = GMRScheduledMatchesForUser.h; sourceTree = "<group>"; };
		D7EEAE55128A20E90022AF4E /* GMRScheduledMatchesForUser.m */ = {isa = PBXFileReference; fileEncoding = 4; lastKnownFileType = sourcecode.c.objc; path = GMRScheduledMatchesForUser.m; sourceTree = "<group>"; };
		D7EEAE57128A210D0022AF4E /* GMRDataSource.h */ = {isa = PBXFileReference; fileEncoding = 4; lastKnownFileType = sourcecode.c.h; path = GMRDataSource.h; sourceTree = "<group>"; };
/* End PBXFileReference section */

/* Begin PBXFrameworksBuildPhase section */
		D2AAC07C0554694100DB518D /* Frameworks */ = {
			isa = PBXFrameworksBuildPhase;
			buildActionMask = 2147483647;
			files = (
				AACBBE4A0F95108600F1A2B1 /* Foundation.framework in Frameworks */,
				D7DB90BE1280851D00D6C442 /* libASIHttp.a in Frameworks */,
				D7DB91331280879200D6C442 /* CFNetwork.framework in Frameworks */,
				D7DB91341280879C00D6C442 /* MobileCoreServices.framework in Frameworks */,
				D7DB9135128087A500D6C442 /* SystemConfiguration.framework in Frameworks */,
				D7DB9136128087B200D6C442 /* libz.1.2.3.dylib in Frameworks */,
				D7DB9138128087BF00D6C442 /* CoreGraphics.framework in Frameworks */,
				D7B7287D128229BE00419F60 /* libYAJL.a in Frameworks */,
			);
			runOnlyForDeploymentPostprocessing = 0;
		};
		D775C4B0128795A400C72E64 /* Frameworks */ = {
			isa = PBXFrameworksBuildPhase;
			buildActionMask = 2147483647;
			files = (
				D775C4B8128795C600C72E64 /* libASIHttp.a in Frameworks */,
				D775C4B9128795C600C72E64 /* libGamer.a in Frameworks */,
				D775C4BA128795C600C72E64 /* libYAJL.a in Frameworks */,
				D775C4DB1287973B00C72E64 /* CoreGraphics.framework in Frameworks */,
				D775C4DC1287973B00C72E64 /* Foundation.framework in Frameworks */,
				D775C4DD1287973B00C72E64 /* UIKit.framework in Frameworks */,
				D77E1BF71288A27800B75D60 /* CFNetwork.framework in Frameworks */,
				D77E1BF81288A27800B75D60 /* MobileCoreServices.framework in Frameworks */,
				D77E1BF91288A27800B75D60 /* SystemConfiguration.framework in Frameworks */,
				D77E1BFA1288A27800B75D60 /* libz.1.2.3.dylib in Frameworks */,
				D78356B8128C9FB500E19528 /* AudioToolbox.framework in Frameworks */,
			);
			runOnlyForDeploymentPostprocessing = 0;
		};
		D7B72809128226E700419F60 /* Frameworks */ = {
			isa = PBXFrameworksBuildPhase;
			buildActionMask = 2147483647;
			files = (
				D7B7280E128226F100419F60 /* Foundation.framework in Frameworks */,
				D7B728141282270A00419F60 /* CoreGraphics.framework in Frameworks */,
				D7B728171282271D00419F60 /* UIKit.framework in Frameworks */,
			);
			runOnlyForDeploymentPostprocessing = 0;
		};
		D7DB908E1280832500D6C442 /* Frameworks */ = {
			isa = PBXFrameworksBuildPhase;
			buildActionMask = 2147483647;
			files = (
			);
			runOnlyForDeploymentPostprocessing = 0;
		};
		D7DDD790127FD3A100C29265 /* Frameworks */ = {
			isa = PBXFrameworksBuildPhase;
			buildActionMask = 2147483647;
			files = (
				D7DDD810127FDB4A00C29265 /* libGamer.a in Frameworks */,
				D7DB914A1280886300D6C442 /* CFNetwork.framework in Frameworks */,
				D7DB914B1280886300D6C442 /* CoreGraphics.framework in Frameworks */,
				D7DB914C1280886300D6C442 /* MobileCoreServices.framework in Frameworks */,
				D7DB914D1280886300D6C442 /* SystemConfiguration.framework in Frameworks */,
				D7DB914E1280886300D6C442 /* libz.1.2.3.dylib in Frameworks */,
			);
			runOnlyForDeploymentPostprocessing = 0;
		};
		D7DDD79D127FD3BA00C29265 /* Frameworks */ = {
			isa = PBXFrameworksBuildPhase;
			buildActionMask = 2147483647;
			files = (
				D7DDD79E127FD3BA00C29265 /* Foundation.framework in Frameworks */,
				D7DDD81D127FDBC800C29265 /* libGamer.a in Frameworks */,
				D7DB913B128087FB00D6C442 /* CFNetwork.framework in Frameworks */,
				D7DB913C128087FB00D6C442 /* CoreGraphics.framework in Frameworks */,
				D7DB913D128087FB00D6C442 /* MobileCoreServices.framework in Frameworks */,
				D7DB913E128087FB00D6C442 /* SystemConfiguration.framework in Frameworks */,
				D7DB913F128087FB00D6C442 /* libz.1.2.3.dylib in Frameworks */,
			);
			runOnlyForDeploymentPostprocessing = 0;
		};
/* End PBXFrameworksBuildPhase section */

/* Begin PBXGroup section */
		034768DFFF38A50411DB9C8B /* Products */ = {
			isa = PBXGroup;
			children = (
				D2AAC07E0554694100DB518D /* libGamer.a */,
				D7DDD793127FD3A100C29265 /* GamerTests.octest */,
				D7DDD7A2127FD3BA00C29265 /* libGamerTesting.a */,
				D7DB90901280832500D6C442 /* libASIHttp.a */,
				D7B7280B128226E700419F60 /* libYAJL.a */,
				D775C4B2128795A400C72E64 /* HazGame.app */,
			);
			name = Products;
			sourceTree = "<group>";
		};
		0867D691FE84028FC02AAC07 /* Gamer */ = {
			isa = PBXGroup;
			children = (
				D775C4BD128795D900C72E64 /* HazGame */,
				D7B72806128226AA00419F60 /* YAJL */,
				D7DDD885127FDFCB00C29265 /* ASIHttp */,
				D7DDD7AB127FD40200C29265 /* Tests */,
				08FB77AEFE84172EC02AAC07 /* libGamer */,
				32C88DFF0371C24200C91783 /* Other Sources */,
				0867D69AFE84028FC02AAC07 /* Frameworks */,
				034768DFFF38A50411DB9C8B /* Products */,
				D7DDD794127FD3A100C29265 /* GamerTests-Info.plist */,
				D78356B7128C9FB500E19528 /* AudioToolbox.framework */,
			);
			name = Gamer;
			sourceTree = "<group>";
		};
		0867D69AFE84028FC02AAC07 /* Frameworks */ = {
			isa = PBXGroup;
			children = (
				D7DB90D7128086B100D6C442 /* CFNetwork.framework */,
				D7DB90DB128086C800D6C442 /* SystemConfiguration.framework */,
				D7DB90DF128086DE00D6C442 /* MobileCoreServices.framework */,
				D7DB90E3128086EE00D6C442 /* CoreGraphics.framework */,
				D7DB90E71280872000D6C442 /* libz.1.2.3.dylib */,
				D7B728161282271D00419F60 /* UIKit.framework */,
				AACBBE490F95108600F1A2B1 /* Foundation.framework */,
			);
			name = Frameworks;
			sourceTree = "<group>";
		};
		08FB77AEFE84172EC02AAC07 /* libGamer */ = {
			isa = PBXGroup;
			children = (
				D7DDD7B7127FD49100C29265 /* GMRClient.h */,
				D7DDD7B8127FD49100C29265 /* GMRClient.m */,
				D7DB92651280A1FC00D6C442 /* GMRRequest.h */,
				D7DB92661280A1FC00D6C442 /* GMRRequest.m */,
				D7DB927B1280A74D00D6C442 /* GMRTypes.h */,
				D7DB93311280B14000D6C442 /* GMRUtils.h */,
				D7DB93321280B14000D6C442 /* GMRUtils.m */,
			);
			name = libGamer;
			sourceTree = "<group>";
		};
		32C88DFF0371C24200C91783 /* Other Sources */ = {
			isa = PBXGroup;
			children = (
				AA747D9E0F9514B9006C5449 /* Gamer_Prefix.pch */,
			);
			name = "Other Sources";
			sourceTree = "<group>";
		};
		D775C4BD128795D900C72E64 /* HazGame */ = {
			isa = PBXGroup;
			children = (
				D783562A128C81E100E19528 /* Formatters */,
				D7AFF522128A68FF00CF1A07 /* Utils */,
				D7EEAE53128A20CF0022AF4E /* Data */,
				D775C4E3128797FF00C72E64 /* Other Sources */,
				D775C4E2128797D800C72E64 /* Resources */,
				D775C4E11287978C00C72E64 /* ViewControllers */,
				D775C4DE1287978700C72E64 /* HazGame.h */,
				D775C4DF1287978700C72E64 /* HazGame.m */,
				D77E1BBB12889F3000B75D60 /* GMRGlobals.h */,
			);
			name = HazGame;
			sourceTree = "<group>";
		};
		D775C4E11287978C00C72E64 /* ViewControllers */ = {
			isa = PBXGroup;
			children = (
				D7D23DA1128CE98800C23711 /* Alert */,
				D7EEAD82128A11AF0022AF4E /* Overview */,
				D7B7CA681288FCB000DC33F4 /* MainView */,
				D7B7CA671288FAE900DC33F4 /* Authentication */,
			);
			name = ViewControllers;
			sourceTree = "<group>";
		};
		D775C4E2128797D800C72E64 /* Resources */ = {
			isa = PBXGroup;
			children = (
				D7B41DF91287AAE0005BD0B4 /* Images */,
				D775C4B4128795A400C72E64 /* HazGame-Info.plist */,
				D775C4E71287986C00C72E64 /* MainWindow.xib */,
			);
			name = Resources;
			sourceTree = "<group>";
		};
		D775C4E3128797FF00C72E64 /* Other Sources */ = {
			isa = PBXGroup;
			children = (
				D775C4E41287981500C72E64 /* HazGame_Prefix.pch */,
				D775C4E51287981500C72E64 /* main.m */,
			);
			name = "Other Sources";
			sourceTree = "<group>";
		};
		D783562A128C81E100E19528 /* Formatters */ = {
			isa = PBXGroup;
			children = (
				D7835647128C826300E19528 /* GMREmailFormatter.h */,
				D7835648128C826300E19528 /* GMREmailFormatter.m */,
				D7835676128C926E00E19528 /* GMRFormatter.h */,
				D7835677128C926E00E19528 /* GMRFormatter.m */,
				D7835683128C93A400E19528 /* GMRUsernameFormatter.h */,
				D7835684128C93A400E19528 /* GMRUsernameFormatter.m */,
				D7835686128C93B000E19528 /* GMRPasswordFormatter.h */,
				D7835687128C93B000E19528 /* GMRPasswordFormatter.m */,
			);
			name = Formatters;
			sourceTree = "<group>";
		};
		D7AFF522128A68FF00CF1A07 /* Utils */ = {
			isa = PBXGroup;
			children = (
				D7AFF523128A693200CF1A07 /* NSDate+JSON.h */,
				D7AFF524128A693200CF1A07 /* NSDate+JSON.m */,
			);
			name = Utils;
			sourceTree = "<group>";
		};
		D7B41DF91287AAE0005BD0B4 /* Images */ = {
			isa = PBXGroup;
			children = (
				D7B41E061287ABD0005BD0B4 /* Icon.png */,
				D7B41E071287ABD0005BD0B4 /* Icon@2x.png */,
				D7B41DFA1287AAE0005BD0B4 /* Default.png */,
				D7B41DFB1287AAE0005BD0B4 /* Default@2x.png */,
			);
			path = Images;
			sourceTree = "<group>";
		};
		D7B72806128226AA00419F60 /* YAJL */ = {
			isa = PBXGroup;
			children = (
				D7B7286A1282287C00419F60 /* Libraries */,
				D7B728491282278900419F60 /* NSBundle+YAJL.h */,
				D7B7284A1282278900419F60 /* NSBundle+YAJL.m */,
				D7B7284B1282278900419F60 /* NSObject+YAJL.h */,
				D7B7284C1282278900419F60 /* NSObject+YAJL.m */,
				D7B7284D1282278900419F60 /* YAJL.h */,
				D7B7284E1282278900419F60 /* YAJLDocument.h */,
				D7B7284F1282278900419F60 /* YAJLDocument.m */,
				D7B728501282278900419F60 /* YAJLGen.h */,
				D7B728511282278900419F60 /* YAJLGen.m */,
				D7B728521282278900419F60 /* YAJLParser.h */,
				D7B728531282278900419F60 /* YAJLParser.m */,
				D7B7281A1282275A00419F60 /* yajl-1.0.11 */,
			);
			name = YAJL;
			sourceTree = "<group>";
		};
		D7B7281A1282275A00419F60 /* yajl-1.0.11 */ = {
			isa = PBXGroup;
			children = (
				D7B7281B1282275A00419F60 /* api */,
				D7B728201282275A00419F60 /* yajl */,
				D7B728251282275A00419F60 /* yajl.c */,
				D7B728261282275A00419F60 /* yajl_alloc.c */,
				D7B728271282275A00419F60 /* yajl_alloc.h */,
				D7B728281282275A00419F60 /* yajl_buf.c */,
				D7B728291282275A00419F60 /* yajl_buf.h */,
				D7B7282A1282275A00419F60 /* yajl_bytestack.h */,
				D7B7282B1282275A00419F60 /* yajl_encode.c */,
				D7B7282C1282275A00419F60 /* yajl_encode.h */,
				D7B7282D1282275A00419F60 /* yajl_gen.c */,
				D7B7282E1282275A00419F60 /* yajl_lex.c */,
				D7B7282F1282275A00419F60 /* yajl_lex.h */,
				D7B728301282275A00419F60 /* yajl_parser.c */,
				D7B728311282275A00419F60 /* yajl_parser.h */,
				D7B728321282275A00419F60 /* yajl_version.c */,
			);
			path = "yajl-1.0.11";
			sourceTree = "<group>";
		};
		D7B7281B1282275A00419F60 /* api */ = {
			isa = PBXGroup;
			children = (
				D7B7281C1282275A00419F60 /* yajl_common.h */,
				D7B7281D1282275A00419F60 /* yajl_gen.h */,
				D7B7281E1282275A00419F60 /* yajl_parse.h */,
				D7B7281F1282275A00419F60 /* yajl_version.h */,
			);
			path = api;
			sourceTree = "<group>";
		};
		D7B728201282275A00419F60 /* yajl */ = {
			isa = PBXGroup;
			children = (
				D7B728211282275A00419F60 /* yajl_common.h */,
				D7B728221282275A00419F60 /* yajl_gen.h */,
				D7B728231282275A00419F60 /* yajl_parse.h */,
				D7B728241282275A00419F60 /* yajl_version.h */,
			);
			path = yajl;
			sourceTree = "<group>";
		};
		D7B7286A1282287C00419F60 /* Libraries */ = {
			isa = PBXGroup;
			children = (
				D7B7286B1282287C00419F60 /* GHKit */,
				D7B7286E1282287C00419F60 /* GTM */,
			);
			path = Libraries;
			sourceTree = "<group>";
		};
		D7B7286B1282287C00419F60 /* GHKit */ = {
			isa = PBXGroup;
			children = (
				D7B7286C1282287C00419F60 /* GHNSBundle+Utils.h */,
				D7B7286D1282287C00419F60 /* GHNSBundle+Utils.m */,
			);
			path = GHKit;
			sourceTree = "<group>";
		};
		D7B7286E1282287C00419F60 /* GTM */ = {
			isa = PBXGroup;
			children = (
				D7B7286F1282287C00419F60 /* GTMBase64.h */,
				D7B728701282287C00419F60 /* GTMBase64.m */,
			);
			path = GTM;
			sourceTree = "<group>";
		};
		D7B7CA671288FAE900DC33F4 /* Authentication */ = {
			isa = PBXGroup;
			children = (
				D727C32E1287D098001F2BAF /* GMRAuthenticationController.h */,
				D727C32F1287D098001F2BAF /* GMRAuthenticationController.m */,
				D727C3301287D098001F2BAF /* GMRAuthenticationController.xib */,
				D727C3341287D163001F2BAF /* GMRAuthenticationInputController.h */,
				D727C3351287D163001F2BAF /* GMRAuthenticationInputController.m */,
				D727C3361287D163001F2BAF /* GMRAuthenticationInputController.xib */,
				D72E3DAC128B15050083464E /* GMRAuthenticationNewAccount.h */,
				D72E3DAD128B15050083464E /* GMRAuthenticationNewAccount.m */,
				D72E3DAE128B15050083464E /* GMRAuthenticationNewAccount.xib */,
			);
			name = Authentication;
			sourceTree = "<group>";
		};
		D7B7CA681288FCB000DC33F4 /* MainView */ = {
			isa = PBXGroup;
			children = (
				D7B7CB82128909D400DC33F4 /* GMRMainController.h */,
				D7B7CB83128909D400DC33F4 /* GMRMainController.m */,
				D7B7CB84128909D400DC33F4 /* GMRMainController.xib */,
			);
			name = MainView;
			sourceTree = "<group>";
		};
		D7D23DA1128CE98800C23711 /* Alert */ = {
			isa = PBXGroup;
			children = (
				D7D23DA2128CE9A500C23711 /* GMRAlertView.h */,
				D7D23DA3128CE9A500C23711 /* GMRAlertView.m */,
				D7D23DA4128CE9A500C23711 /* GMRAlertView.xib */,
			);
			name = Alert;
			sourceTree = "<group>";
		};
		D7DB90B71280839900D6C442 /* Reachability */ = {
			isa = PBXGroup;
			children = (
				D7DB90B8128083C900D6C442 /* Reachability.h */,
				D7DB90B9128083C900D6C442 /* Reachability.m */,
			);
			name = Reachability;
			sourceTree = "<group>";
		};
		D7DDD7AB127FD40200C29265 /* Tests */ = {
			isa = PBXGroup;
			children = (
				D7DDD7AC127FD42400C29265 /* InitializationTests.h */,
				D7DDD7AD127FD42400C29265 /* InitializationTests.m */,
			);
			name = Tests;
			sourceTree = "<group>";
		};
		D7DDD885127FDFCB00C29265 /* ASIHttp */ = {
			isa = PBXGroup;
			children = (
				D7DB90B71280839900D6C442 /* Reachability */,
				D7DB90941280837D00D6C442 /* ASIAuthenticationDialog.h */,
				D7DB90951280837D00D6C442 /* ASIAuthenticationDialog.m */,
				D7DB90961280837D00D6C442 /* ASICacheDelegate.h */,
				D7DB90971280837D00D6C442 /* ASIDownloadCache.h */,
				D7DB90981280837D00D6C442 /* ASIDownloadCache.m */,
				D7DB90991280837D00D6C442 /* ASIFormDataRequest.h */,
				D7DB909A1280837D00D6C442 /* ASIFormDataRequest.m */,
				D7DB909B1280837D00D6C442 /* ASIHTTPRequest.h */,
				D7DB909C1280837D00D6C442 /* ASIHTTPRequest.m */,
				D7DB909D1280837D00D6C442 /* ASIHTTPRequestConfig.h */,
				D7DB909E1280837D00D6C442 /* ASIHTTPRequestDelegate.h */,
				D7DB909F1280837D00D6C442 /* ASIInputStream.h */,
				D7DB90A01280837D00D6C442 /* ASIInputStream.m */,
				D7DB90A11280837D00D6C442 /* ASINetworkQueue.h */,
				D7DB90A21280837D00D6C442 /* ASINetworkQueue.m */,
				D7DB90A31280837D00D6C442 /* ASIProgressDelegate.h */,
			);
			name = ASIHttp;
			sourceTree = "<group>";
		};
		D7EEAD82128A11AF0022AF4E /* Overview */ = {
			isa = PBXGroup;
			children = (
				D7EEAD83128A11BF0022AF4E /* OverviewController.h */,
				D7EEAD84128A11BF0022AF4E /* OverviewController.m */,
				D7EEAD85128A11BF0022AF4E /* OverviewController.xib */,
			);
			name = Overview;
			sourceTree = "<group>";
		};
		D7EEAE53128A20CF0022AF4E /* Data */ = {
			isa = PBXGroup;
			children = (
				D7EEAE54128A20E90022AF4E /* GMRScheduledMatchesForUser.h */,
				D7EEAE55128A20E90022AF4E /* GMRScheduledMatchesForUser.m */,
				D7EEAE57128A210D0022AF4E /* GMRDataSource.h */,
			);
			name = Data;
			sourceTree = "<group>";
		};
/* End PBXGroup section */

/* Begin PBXHeadersBuildPhase section */
		D2AAC07A0554694100DB518D /* Headers */ = {
			isa = PBXHeadersBuildPhase;
			buildActionMask = 2147483647;
			files = (
				AA747D9F0F9514B9006C5449 /* Gamer_Prefix.pch in Headers */,
				D7DDD7B9127FD49100C29265 /* GMRClient.h in Headers */,
				D7DB92671280A1FC00D6C442 /* GMRRequest.h in Headers */,
				D7DB927C1280A74D00D6C442 /* GMRTypes.h in Headers */,
				D7DB93331280B14000D6C442 /* GMRUtils.h in Headers */,
			);
			runOnlyForDeploymentPostprocessing = 0;
		};
		D7B72807128226E700419F60 /* Headers */ = {
			isa = PBXHeadersBuildPhase;
			buildActionMask = 2147483647;
			files = (
				D7B728331282275A00419F60 /* yajl_common.h in Headers */,
				D7B728341282275A00419F60 /* yajl_gen.h in Headers */,
				D7B728351282275A00419F60 /* yajl_parse.h in Headers */,
				D7B728361282275A00419F60 /* yajl_version.h in Headers */,
				D7B728371282275A00419F60 /* yajl_common.h in Headers */,
				D7B728381282275A00419F60 /* yajl_gen.h in Headers */,
				D7B728391282275A00419F60 /* yajl_parse.h in Headers */,
				D7B7283A1282275A00419F60 /* yajl_version.h in Headers */,
				D7B7283D1282275A00419F60 /* yajl_alloc.h in Headers */,
				D7B7283F1282275A00419F60 /* yajl_buf.h in Headers */,
				D7B728401282275A00419F60 /* yajl_bytestack.h in Headers */,
				D7B728421282275A00419F60 /* yajl_encode.h in Headers */,
				D7B728451282275A00419F60 /* yajl_lex.h in Headers */,
				D7B728471282275A00419F60 /* yajl_parser.h in Headers */,
				D7B728541282278900419F60 /* NSBundle+YAJL.h in Headers */,
				D7B728561282278900419F60 /* NSObject+YAJL.h in Headers */,
				D7B728581282278900419F60 /* YAJL.h in Headers */,
				D7B728591282278900419F60 /* YAJLDocument.h in Headers */,
				D7B7285B1282278900419F60 /* YAJLGen.h in Headers */,
				D7B7285D1282278900419F60 /* YAJLParser.h in Headers */,
				D7B728711282287C00419F60 /* GHNSBundle+Utils.h in Headers */,
				D7B728731282287C00419F60 /* GTMBase64.h in Headers */,
			);
			runOnlyForDeploymentPostprocessing = 0;
		};
		D7DB908C1280832500D6C442 /* Headers */ = {
			isa = PBXHeadersBuildPhase;
			buildActionMask = 2147483647;
			files = (
				D7DB90A41280837D00D6C442 /* ASIAuthenticationDialog.h in Headers */,
				D7DB90A61280837D00D6C442 /* ASICacheDelegate.h in Headers */,
				D7DB90A71280837D00D6C442 /* ASIDownloadCache.h in Headers */,
				D7DB90A91280837D00D6C442 /* ASIFormDataRequest.h in Headers */,
				D7DB90AB1280837D00D6C442 /* ASIHTTPRequest.h in Headers */,
				D7DB90AD1280837D00D6C442 /* ASIHTTPRequestConfig.h in Headers */,
				D7DB90AE1280837D00D6C442 /* ASIHTTPRequestDelegate.h in Headers */,
				D7DB90AF1280837D00D6C442 /* ASIInputStream.h in Headers */,
				D7DB90B11280837D00D6C442 /* ASINetworkQueue.h in Headers */,
				D7DB90B31280837D00D6C442 /* ASIProgressDelegate.h in Headers */,
				D7DB90BA128083C900D6C442 /* Reachability.h in Headers */,
			);
			runOnlyForDeploymentPostprocessing = 0;
		};
		D7DDD79A127FD3BA00C29265 /* Headers */ = {
			isa = PBXHeadersBuildPhase;
			buildActionMask = 2147483647;
			files = (
				D7DDD79B127FD3BA00C29265 /* Gamer_Prefix.pch in Headers */,
			);
			runOnlyForDeploymentPostprocessing = 0;
		};
/* End PBXHeadersBuildPhase section */

/* Begin PBXNativeTarget section */
		D2AAC07D0554694100DB518D /* Gamer */ = {
			isa = PBXNativeTarget;
			buildConfigurationList = 1DEB921E08733DC00010E9CD /* Build configuration list for PBXNativeTarget "Gamer" */;
			buildPhases = (
				D2AAC07A0554694100DB518D /* Headers */,
				D2AAC07B0554694100DB518D /* Sources */,
				D2AAC07C0554694100DB518D /* Frameworks */,
			);
			buildRules = (
			);
			dependencies = (
				D7DB93931280B91900D6C442 /* PBXTargetDependency */,
			);
			name = Gamer;
			productName = Gamer;
			productReference = D2AAC07E0554694100DB518D /* libGamer.a */;
			productType = "com.apple.product-type.library.static";
		};
		D775C4B1128795A400C72E64 /* HazGame */ = {
			isa = PBXNativeTarget;
			buildConfigurationList = D775C4B7128795A500C72E64 /* Build configuration list for PBXNativeTarget "HazGame" */;
			buildPhases = (
				D775C4AE128795A400C72E64 /* Resources */,
				D775C4AF128795A400C72E64 /* Sources */,
				D775C4B0128795A400C72E64 /* Frameworks */,
			);
			buildRules = (
			);
			dependencies = (
				D77E1BD71288A0EA00B75D60 /* PBXTargetDependency */,
				D7CD224C1289E76400E26772 /* PBXTargetDependency */,
				D775C4BC128795D100C72E64 /* PBXTargetDependency */,
			);
			name = HazGame;
			productName = HazGame;
			productReference = D775C4B2128795A400C72E64 /* HazGame.app */;
			productType = "com.apple.product-type.application";
		};
		D7B7280A128226E700419F60 /* YAJL */ = {
			isa = PBXNativeTarget;
			buildConfigurationList = D7B72813128226F900419F60 /* Build configuration list for PBXNativeTarget "YAJL" */;
			buildPhases = (
				D7B72807128226E700419F60 /* Headers */,
				D7B72808128226E700419F60 /* Sources */,
				D7B72809128226E700419F60 /* Frameworks */,
			);
			buildRules = (
			);
			dependencies = (
			);
			name = YAJL;
			productName = YAJL;
			productReference = D7B7280B128226E700419F60 /* libYAJL.a */;
			productType = "com.apple.product-type.library.static";
		};
		D7DB908F1280832500D6C442 /* ASIHttp */ = {
			isa = PBXNativeTarget;
			buildConfigurationList = D7DB90931280835000D6C442 /* Build configuration list for PBXNativeTarget "ASIHttp" */;
			buildPhases = (
				D7DB908C1280832500D6C442 /* Headers */,
				D7DB908D1280832500D6C442 /* Sources */,
				D7DB908E1280832500D6C442 /* Frameworks */,
			);
			buildRules = (
			);
			dependencies = (
			);
			name = ASIHttp;
			productName = ASIHttp;
			productReference = D7DB90901280832500D6C442 /* libASIHttp.a */;
			productType = "com.apple.product-type.library.static";
		};
		D7DDD792127FD3A100C29265 /* GamerTests */ = {
			isa = PBXNativeTarget;
			buildConfigurationList = D7DDD798127FD3A200C29265 /* Build configuration list for PBXNativeTarget "GamerTests" */;
			buildPhases = (
				D7DDD78E127FD3A100C29265 /* Resources */,
				D7DDD78F127FD3A100C29265 /* Sources */,
				D7DDD790127FD3A100C29265 /* Frameworks */,
				D7DDD791127FD3A100C29265 /* ShellScript */,
			);
			buildRules = (
			);
			dependencies = (
			);
			name = GamerTests;
			productName = GamerTests;
			productReference = D7DDD793127FD3A100C29265 /* GamerTests.octest */;
			productType = "com.apple.product-type.bundle";
		};
		D7DDD799127FD3BA00C29265 /* GamerTesting */ = {
			isa = PBXNativeTarget;
			buildConfigurationList = D7DDD79F127FD3BA00C29265 /* Build configuration list for PBXNativeTarget "GamerTesting" */;
			buildPhases = (
				D7DDD79A127FD3BA00C29265 /* Headers */,
				D7DDD79C127FD3BA00C29265 /* Sources */,
				D7DDD79D127FD3BA00C29265 /* Frameworks */,
			);
			buildRules = (
			);
			dependencies = (
				D7DDD81A127FDBB700C29265 /* PBXTargetDependency */,
				D7DDD7F1127FD9F200C29265 /* PBXTargetDependency */,
			);
			name = GamerTesting;
			productName = Gamer;
			productReference = D7DDD7A2127FD3BA00C29265 /* libGamerTesting.a */;
			productType = "com.apple.product-type.library.static";
		};
/* End PBXNativeTarget section */

/* Begin PBXProject section */
		0867D690FE84028FC02AAC07 /* Project object */ = {
			isa = PBXProject;
			buildConfigurationList = 1DEB922208733DC00010E9CD /* Build configuration list for PBXProject "Gamer" */;
			compatibilityVersion = "Xcode 3.1";
			developmentRegion = English;
			hasScannedForEncodings = 1;
			knownRegions = (
				English,
				Japanese,
				French,
				German,
			);
			mainGroup = 0867D691FE84028FC02AAC07 /* Gamer */;
			productRefGroup = 034768DFFF38A50411DB9C8B /* Products */;
			projectDirPath = "";
			projectRoot = "";
			targets = (
				D2AAC07D0554694100DB518D /* Gamer */,
				D7DDD792127FD3A100C29265 /* GamerTests */,
				D7DDD799127FD3BA00C29265 /* GamerTesting */,
				D7DB908F1280832500D6C442 /* ASIHttp */,
				D7B7280A128226E700419F60 /* YAJL */,
				D775C4B1128795A400C72E64 /* HazGame */,
			);
		};
/* End PBXProject section */

/* Begin PBXResourcesBuildPhase section */
		D775C4AE128795A400C72E64 /* Resources */ = {
			isa = PBXResourcesBuildPhase;
			buildActionMask = 2147483647;
			files = (
				D775C4E81287986C00C72E64 /* MainWindow.xib in Resources */,
				D7B41DFC1287AAE0005BD0B4 /* Default.png in Resources */,
				D7B41DFD1287AAE0005BD0B4 /* Default@2x.png in Resources */,
				D7B41E081287ABD0005BD0B4 /* Icon.png in Resources */,
				D7B41E091287ABD0005BD0B4 /* Icon@2x.png in Resources */,
				D727C3321287D098001F2BAF /* GMRAuthenticationController.xib in Resources */,
				D727C3381287D163001F2BAF /* GMRAuthenticationInputController.xib in Resources */,
				D7B7CB86128909D400DC33F4 /* GMRMainController.xib in Resources */,
				D7EEAD87128A11BF0022AF4E /* OverviewController.xib in Resources */,
				D72E3DB0128B15050083464E /* GMRAuthenticationNewAccount.xib in Resources */,
				D7D23DA6128CE9A500C23711 /* GMRAlertView.xib in Resources */,
			);
			runOnlyForDeploymentPostprocessing = 0;
		};
		D7DDD78E127FD3A100C29265 /* Resources */ = {
			isa = PBXResourcesBuildPhase;
			buildActionMask = 2147483647;
			files = (
			);
			runOnlyForDeploymentPostprocessing = 0;
		};
/* End PBXResourcesBuildPhase section */

/* Begin PBXShellScriptBuildPhase section */
		D7DDD791127FD3A100C29265 /* ShellScript */ = {
			isa = PBXShellScriptBuildPhase;
			buildActionMask = 2147483647;
			files = (
			);
			inputPaths = (
			);
			outputPaths = (
			);
			runOnlyForDeploymentPostprocessing = 0;
			shellPath = /bin/sh;
			shellScript = "# Run the unit tests in this test bundle.\n\"${SYSTEM_DEVELOPER_DIR}/Tools/RunUnitTests\"\n";
		};
/* End PBXShellScriptBuildPhase section */

/* Begin PBXSourcesBuildPhase section */
		D2AAC07B0554694100DB518D /* Sources */ = {
			isa = PBXSourcesBuildPhase;
			buildActionMask = 2147483647;
			files = (
				D7DDD7BA127FD49100C29265 /* GMRClient.m in Sources */,
				D7DB92681280A1FC00D6C442 /* GMRRequest.m in Sources */,
				D7DB93341280B14000D6C442 /* GMRUtils.m in Sources */,
			);
			runOnlyForDeploymentPostprocessing = 0;
		};
		D775C4AF128795A400C72E64 /* Sources */ = {
			isa = PBXSourcesBuildPhase;
			buildActionMask = 2147483647;
			files = (
				D775C4E01287978700C72E64 /* HazGame.m in Sources */,
				D775C4E61287981500C72E64 /* main.m in Sources */,
				D727C3311287D098001F2BAF /* GMRAuthenticationController.m in Sources */,
				D727C3371287D163001F2BAF /* GMRAuthenticationInputController.m in Sources */,
				D7B7CB85128909D400DC33F4 /* GMRMainController.m in Sources */,
				D7EEAD86128A11BF0022AF4E /* OverviewController.m in Sources */,
				D7EEAE56128A20E90022AF4E /* GMRScheduledMatchesForUser.m in Sources */,
				D7AFF525128A693200CF1A07 /* NSDate+JSON.m in Sources */,
				D72E3DAF128B15050083464E /* GMRAuthenticationNewAccount.m in Sources */,
				D7835649128C826300E19528 /* GMREmailFormatter.m in Sources */,
				D7835678128C926E00E19528 /* GMRFormatter.m in Sources */,
				D7835685128C93A400E19528 /* GMRUsernameFormatter.m in Sources */,
				D7835688128C93B000E19528 /* GMRPasswordFormatter.m in Sources */,
				D7D23DA5128CE9A500C23711 /* GMRAlertView.m in Sources */,
			);
			runOnlyForDeploymentPostprocessing = 0;
		};
		D7B72808128226E700419F60 /* Sources */ = {
			isa = PBXSourcesBuildPhase;
			buildActionMask = 2147483647;
			files = (
				D7B7283B1282275A00419F60 /* yajl.c in Sources */,
				D7B7283C1282275A00419F60 /* yajl_alloc.c in Sources */,
				D7B7283E1282275A00419F60 /* yajl_buf.c in Sources */,
				D7B728411282275A00419F60 /* yajl_encode.c in Sources */,
				D7B728431282275A00419F60 /* yajl_gen.c in Sources */,
				D7B728441282275A00419F60 /* yajl_lex.c in Sources */,
				D7B728461282275A00419F60 /* yajl_parser.c in Sources */,
				D7B728481282275A00419F60 /* yajl_version.c in Sources */,
				D7B728551282278900419F60 /* NSBundle+YAJL.m in Sources */,
				D7B728571282278900419F60 /* NSObject+YAJL.m in Sources */,
				D7B7285A1282278900419F60 /* YAJLDocument.m in Sources */,
				D7B7285C1282278900419F60 /* YAJLGen.m in Sources */,
				D7B7285E1282278900419F60 /* YAJLParser.m in Sources */,
				D7B728721282287C00419F60 /* GHNSBundle+Utils.m in Sources */,
				D7B728741282287C00419F60 /* GTMBase64.m in Sources */,
			);
			runOnlyForDeploymentPostprocessing = 0;
		};
		D7DB908D1280832500D6C442 /* Sources */ = {
			isa = PBXSourcesBuildPhase;
			buildActionMask = 2147483647;
			files = (
				D7DB90A51280837D00D6C442 /* ASIAuthenticationDialog.m in Sources */,
				D7DB90A81280837D00D6C442 /* ASIDownloadCache.m in Sources */,
				D7DB90AA1280837D00D6C442 /* ASIFormDataRequest.m in Sources */,
				D7DB90AC1280837D00D6C442 /* ASIHTTPRequest.m in Sources */,
				D7DB90B01280837D00D6C442 /* ASIInputStream.m in Sources */,
				D7DB90B21280837D00D6C442 /* ASINetworkQueue.m in Sources */,
				D7DB90BB128083C900D6C442 /* Reachability.m in Sources */,
			);
			runOnlyForDeploymentPostprocessing = 0;
		};
		D7DDD78F127FD3A100C29265 /* Sources */ = {
			isa = PBXSourcesBuildPhase;
			buildActionMask = 2147483647;
			files = (
				D7DDD7AE127FD42400C29265 /* InitializationTests.m in Sources */,
			);
			runOnlyForDeploymentPostprocessing = 0;
		};
		D7DDD79C127FD3BA00C29265 /* Sources */ = {
			isa = PBXSourcesBuildPhase;
			buildActionMask = 2147483647;
			files = (
			);
			runOnlyForDeploymentPostprocessing = 0;
		};
/* End PBXSourcesBuildPhase section */

/* Begin PBXTargetDependency section */
		D775C4BC128795D100C72E64 /* PBXTargetDependency */ = {
			isa = PBXTargetDependency;
			target = D2AAC07D0554694100DB518D /* Gamer */;
			targetProxy = D775C4BB128795D100C72E64 /* PBXContainerItemProxy */;
		};
		D77E1BD71288A0EA00B75D60 /* PBXTargetDependency */ = {
			isa = PBXTargetDependency;
			target = D7DB908F1280832500D6C442 /* ASIHttp */;
			targetProxy = D77E1BD61288A0EA00B75D60 /* PBXContainerItemProxy */;
		};
		D7CD224C1289E76400E26772 /* PBXTargetDependency */ = {
			isa = PBXTargetDependency;
			target = D7B7280A128226E700419F60 /* YAJL */;
			targetProxy = D7CD224B1289E76400E26772 /* PBXContainerItemProxy */;
		};
		D7DB93931280B91900D6C442 /* PBXTargetDependency */ = {
			isa = PBXTargetDependency;
			target = D7DB908F1280832500D6C442 /* ASIHttp */;
			targetProxy = D7DB93921280B91900D6C442 /* PBXContainerItemProxy */;
		};
		D7DDD7F1127FD9F200C29265 /* PBXTargetDependency */ = {
			isa = PBXTargetDependency;
			target = D7DDD792127FD3A100C29265 /* GamerTests */;
			targetProxy = D7DDD7F0127FD9F200C29265 /* PBXContainerItemProxy */;
		};
		D7DDD81A127FDBB700C29265 /* PBXTargetDependency */ = {
			isa = PBXTargetDependency;
			target = D2AAC07D0554694100DB518D /* Gamer */;
			targetProxy = D7DDD819127FDBB700C29265 /* PBXContainerItemProxy */;
		};
/* End PBXTargetDependency section */

/* Begin XCBuildConfiguration section */
		1DEB921F08733DC00010E9CD /* Debug */ = {
			isa = XCBuildConfiguration;
			buildSettings = {
				ALWAYS_SEARCH_USER_PATHS = NO;
				ARCHS = "$(ARCHS_STANDARD_32_BIT)";
				COPY_PHASE_STRIP = NO;
				DSTROOT = /tmp/Gamer.dst;
				GCC_DYNAMIC_NO_PIC = NO;
				GCC_ENABLE_FIX_AND_CONTINUE = YES;
				GCC_MODEL_TUNING = G5;
				GCC_OPTIMIZATION_LEVEL = 0;
				GCC_PRECOMPILE_PREFIX_HEADER = YES;
				GCC_PREFIX_HEADER = Gamer_Prefix.pch;
				GCC_VERSION = com.apple.compilers.llvm.clang.1_0;
				INSTALL_PATH = /usr/local/lib;
				PRODUCT_NAME = Gamer;
				USER_HEADER_SEARCH_PATHS = "./yajl-1.0.11/**";
			};
			name = Debug;
		};
		1DEB922008733DC00010E9CD /* Release */ = {
			isa = XCBuildConfiguration;
			buildSettings = {
				ALWAYS_SEARCH_USER_PATHS = NO;
				ARCHS = "$(ARCHS_STANDARD_32_BIT)";
				DSTROOT = /tmp/Gamer.dst;
				GCC_MODEL_TUNING = G5;
				GCC_PRECOMPILE_PREFIX_HEADER = YES;
				GCC_PREFIX_HEADER = Gamer_Prefix.pch;
				INSTALL_PATH = /usr/local/lib;
				PRODUCT_NAME = Gamer;
				USER_HEADER_SEARCH_PATHS = "./yajl-1.0.11/**";
			};
			name = Release;
		};
		1DEB922308733DC00010E9CD /* Debug */ = {
			isa = XCBuildConfiguration;
			buildSettings = {
				ARCHS = "$(ARCHS_STANDARD_32_BIT)";
				GCC_C_LANGUAGE_STANDARD = c99;
				GCC_OPTIMIZATION_LEVEL = 0;
				GCC_WARN_ABOUT_RETURN_TYPE = YES;
				GCC_WARN_UNUSED_VARIABLE = YES;
				OTHER_LDFLAGS = "-ObjC";
				PREBINDING = NO;
				SDKROOT = iphoneos;
			};
			name = Debug;
		};
		1DEB922408733DC00010E9CD /* Release */ = {
			isa = XCBuildConfiguration;
			buildSettings = {
				ARCHS = "$(ARCHS_STANDARD_32_BIT)";
				GCC_C_LANGUAGE_STANDARD = c99;
				GCC_WARN_ABOUT_RETURN_TYPE = YES;
				GCC_WARN_UNUSED_VARIABLE = YES;
				OTHER_LDFLAGS = "-ObjC";
				PREBINDING = NO;
				SDKROOT = iphoneos;
			};
			name = Release;
		};
		D775C4B5128795A500C72E64 /* Debug */ = {
			isa = XCBuildConfiguration;
			buildSettings = {
				ALWAYS_SEARCH_USER_PATHS = YES;
				CODE_SIGN_IDENTITY = "iPhone Developer";
				COPY_PHASE_STRIP = YES;
				GCC_DYNAMIC_NO_PIC = NO;
				GCC_OPTIMIZATION_LEVEL = s;
				GCC_PRECOMPILE_PREFIX_HEADER = YES;
				GCC_PREFIX_HEADER = HazGame_Prefix.pch;
				GCC_SYMBOLS_PRIVATE_EXTERN = NO;
				GCC_VERSION = com.apple.compilers.llvm.clang.1_0;
				GENERATE_PKGINFO_FILE = NO;
				INFOPLIST_FILE = "HazGame-Info.plist";
				INSTALL_PATH = "$(HOME)/Applications";
				OTHER_CFLAGS = "$(OTHER_CFLAGS)";
				OTHER_LDFLAGS = (
					"-framework",
					Foundation,
					"-framework",
					UIKit,
				);
				PREBINDING = NO;
				PRODUCT_NAME = HazGame;
				SDKROOT = iphoneos;
				STRIP_INSTALLED_PRODUCT = YES;
				USER_HEADER_SEARCH_PATHS = "";
			};
			name = Debug;
		};
		D775C4B6128795A500C72E64 /* Release */ = {
			isa = XCBuildConfiguration;
			buildSettings = {
				ALWAYS_SEARCH_USER_PATHS = YES;
				CODE_SIGN_IDENTITY = "iPhone Developer";
				COPY_PHASE_STRIP = YES;
				DEBUG_INFORMATION_FORMAT = "dwarf-with-dsym";
				GCC_ENABLE_FIX_AND_CONTINUE = NO;
				GCC_OPTIMIZATION_LEVEL = s;
				GCC_PRECOMPILE_PREFIX_HEADER = YES;
				GCC_PREFIX_HEADER = HazGame_Prefix.pch;
				GCC_SYMBOLS_PRIVATE_EXTERN = NO;
				GCC_VERSION = com.apple.compilers.llvm.clang.1_0;
				GENERATE_PKGINFO_FILE = NO;
				INFOPLIST_FILE = "HazGame-Info.plist";
				INSTALL_PATH = "$(HOME)/Applications";
				OTHER_CFLAGS = "$(OTHER_CFLAGS)";
				OTHER_LDFLAGS = (
					"-framework",
					Foundation,
					"-framework",
					UIKit,
				);
				PREBINDING = NO;
				PRODUCT_NAME = HazGame;
				SDKROOT = iphoneos;
				STRIP_INSTALLED_PRODUCT = YES;
				USER_HEADER_SEARCH_PATHS = "";
				ZERO_LINK = NO;
			};
			name = Release;
		};
		D7B7280C128226E700419F60 /* Debug */ = {
			isa = XCBuildConfiguration;
			buildSettings = {
				ALWAYS_SEARCH_USER_PATHS = NO;
				COPY_PHASE_STRIP = NO;
				GCC_DYNAMIC_NO_PIC = NO;
				GCC_OPTIMIZATION_LEVEL = 0;
				PREBINDING = NO;
				PRODUCT_NAME = YAJL;
				SDKROOT = iphoneos;
			};
			name = Debug;
		};
		D7B7280D128226E700419F60 /* Release */ = {
			isa = XCBuildConfiguration;
			buildSettings = {
				ALWAYS_SEARCH_USER_PATHS = NO;
				COPY_PHASE_STRIP = YES;
				DEBUG_INFORMATION_FORMAT = "dwarf-with-dsym";
				GCC_ENABLE_FIX_AND_CONTINUE = NO;
				PREBINDING = NO;
				PRODUCT_NAME = YAJL;
				SDKROOT = iphoneos;
				ZERO_LINK = NO;
			};
			name = Release;
		};
		D7DB90911280832600D6C442 /* Debug */ = {
			isa = XCBuildConfiguration;
			buildSettings = {
				ALWAYS_SEARCH_USER_PATHS = NO;
				COPY_PHASE_STRIP = NO;
				GCC_DYNAMIC_NO_PIC = NO;
				GCC_OPTIMIZATION_LEVEL = 0;
				GCC_VERSION = com.apple.compilers.llvm.clang.1_0;
				PREBINDING = NO;
				PRODUCT_NAME = ASIHttp;
				SDKROOT = iphoneos;
			};
			name = Debug;
		};
		D7DB90921280832600D6C442 /* Release */ = {
			isa = XCBuildConfiguration;
			buildSettings = {
				ALWAYS_SEARCH_USER_PATHS = NO;
				COPY_PHASE_STRIP = YES;
				DEBUG_INFORMATION_FORMAT = "dwarf-with-dsym";
				GCC_ENABLE_FIX_AND_CONTINUE = NO;
				PREBINDING = NO;
				PRODUCT_NAME = ASIHttp;
				SDKROOT = iphoneos;
				ZERO_LINK = NO;
			};
			name = Release;
		};
		D7DDD796127FD3A200C29265 /* Debug */ = {
			isa = XCBuildConfiguration;
			buildSettings = {
				ALWAYS_SEARCH_USER_PATHS = NO;
				"CODE_SIGN_IDENTITY[sdk=iphoneos*]" = "";
				COPY_PHASE_STRIP = NO;
				FRAMEWORK_SEARCH_PATHS = (
					"\"$(SDKROOT)/Developer/Library/Frameworks\"",
					"\"$(DEVELOPER_LIBRARY_DIR)/Frameworks\"",
				);
				GCC_DYNAMIC_NO_PIC = NO;
				GCC_ENABLE_FIX_AND_CONTINUE = NO;
				GCC_ENABLE_OBJC_EXCEPTIONS = YES;
				GCC_OPTIMIZATION_LEVEL = 0;
				GCC_VERSION = com.apple.compilers.llvm.clang.1_0;
				INFOPLIST_FILE = "GamerTests-Info.plist";
				OTHER_LDFLAGS = (
					"-framework",
					Foundation,
					"-framework",
					SenTestingKit,
					"-framework",
					UIKit,
				);
				PREBINDING = NO;
				PRODUCT_NAME = GamerTests;
				SDKROOT = iphoneos;
				USER_HEADER_SEARCH_PATHS = "";
				WRAPPER_EXTENSION = octest;
			};
			name = Debug;
		};
		D7DDD797127FD3A200C29265 /* Release */ = {
			isa = XCBuildConfiguration;
			buildSettings = {
				ALWAYS_SEARCH_USER_PATHS = NO;
				"CODE_SIGN_IDENTITY[sdk=iphoneos*]" = "";
				COPY_PHASE_STRIP = YES;
				DEBUG_INFORMATION_FORMAT = "dwarf-with-dsym";
				FRAMEWORK_SEARCH_PATHS = (
					"\"$(SDKROOT)/Developer/Library/Frameworks\"",
					"\"$(DEVELOPER_LIBRARY_DIR)/Frameworks\"",
				);
				GCC_ENABLE_FIX_AND_CONTINUE = NO;
				GCC_ENABLE_OBJC_EXCEPTIONS = YES;
				INFOPLIST_FILE = "GamerTests-Info.plist";
				OTHER_LDFLAGS = (
					"-framework",
					Foundation,
					"-framework",
					SenTestingKit,
					"-framework",
					UIKit,
				);
				PREBINDING = NO;
				PRODUCT_NAME = GamerTests;
				SDKROOT = iphoneos;
				WRAPPER_EXTENSION = octest;
				ZERO_LINK = NO;
			};
			name = Release;
		};
		D7DDD7A0127FD3BA00C29265 /* Debug */ = {
			isa = XCBuildConfiguration;
			buildSettings = {
				ALWAYS_SEARCH_USER_PATHS = NO;
				ARCHS = "$(ARCHS_STANDARD_32_BIT)";
				COPY_PHASE_STRIP = NO;
				DSTROOT = /tmp/Gamer.dst;
				GCC_DYNAMIC_NO_PIC = NO;
				GCC_ENABLE_FIX_AND_CONTINUE = YES;
				GCC_MODEL_TUNING = G5;
				GCC_OPTIMIZATION_LEVEL = 0;
				GCC_PRECOMPILE_PREFIX_HEADER = YES;
				GCC_PREFIX_HEADER = Gamer_Prefix.pch;
				GCC_VERSION = com.apple.compilers.llvm.clang.1_0;
				INSTALL_PATH = /usr/local/lib;
				PRODUCT_NAME = GamerTesting;
				USER_HEADER_SEARCH_PATHS = "./yajl-1.0.11/**";
			};
			name = Debug;
		};
		D7DDD7A1127FD3BA00C29265 /* Release */ = {
			isa = XCBuildConfiguration;
			buildSettings = {
				ALWAYS_SEARCH_USER_PATHS = NO;
				ARCHS = "$(ARCHS_STANDARD_32_BIT)";
				DSTROOT = /tmp/Gamer.dst;
				GCC_MODEL_TUNING = G5;
				GCC_PRECOMPILE_PREFIX_HEADER = YES;
				GCC_PREFIX_HEADER = Gamer_Prefix.pch;
				INSTALL_PATH = /usr/local/lib;
				PRODUCT_NAME = Gamer;
				USER_HEADER_SEARCH_PATHS = "./yajl-1.0.11/**";
			};
			name = Release;
		};
/* End XCBuildConfiguration section */

/* Begin XCConfigurationList section */
		1DEB921E08733DC00010E9CD /* Build configuration list for PBXNativeTarget "Gamer" */ = {
			isa = XCConfigurationList;
			buildConfigurations = (
				1DEB921F08733DC00010E9CD /* Debug */,
				1DEB922008733DC00010E9CD /* Release */,
			);
			defaultConfigurationIsVisible = 0;
			defaultConfigurationName = Release;
		};
		1DEB922208733DC00010E9CD /* Build configuration list for PBXProject "Gamer" */ = {
			isa = XCConfigurationList;
			buildConfigurations = (
				1DEB922308733DC00010E9CD /* Debug */,
				1DEB922408733DC00010E9CD /* Release */,
			);
			defaultConfigurationIsVisible = 0;
			defaultConfigurationName = Release;
		};
		D775C4B7128795A500C72E64 /* Build configuration list for PBXNativeTarget "HazGame" */ = {
			isa = XCConfigurationList;
			buildConfigurations = (
				D775C4B5128795A500C72E64 /* Debug */,
				D775C4B6128795A500C72E64 /* Release */,
			);
			defaultConfigurationIsVisible = 0;
			defaultConfigurationName = Release;
		};
		D7B72813128226F900419F60 /* Build configuration list for PBXNativeTarget "YAJL" */ = {
			isa = XCConfigurationList;
			buildConfigurations = (
				D7B7280C128226E700419F60 /* Debug */,
				D7B7280D128226E700419F60 /* Release */,
			);
			defaultConfigurationIsVisible = 0;
			defaultConfigurationName = Release;
		};
		D7DB90931280835000D6C442 /* Build configuration list for PBXNativeTarget "ASIHttp" */ = {
			isa = XCConfigurationList;
			buildConfigurations = (
				D7DB90911280832600D6C442 /* Debug */,
				D7DB90921280832600D6C442 /* Release */,
			);
			defaultConfigurationIsVisible = 0;
			defaultConfigurationName = Release;
		};
		D7DDD798127FD3A200C29265 /* Build configuration list for PBXNativeTarget "GamerTests" */ = {
			isa = XCConfigurationList;
			buildConfigurations = (
				D7DDD796127FD3A200C29265 /* Debug */,
				D7DDD797127FD3A200C29265 /* Release */,
			);
			defaultConfigurationIsVisible = 0;
			defaultConfigurationName = Release;
		};
		D7DDD79F127FD3BA00C29265 /* Build configuration list for PBXNativeTarget "GamerTesting" */ = {
			isa = XCConfigurationList;
			buildConfigurations = (
				D7DDD7A0127FD3BA00C29265 /* Debug */,
				D7DDD7A1127FD3BA00C29265 /* Release */,
			);
			defaultConfigurationIsVisible = 0;
			defaultConfigurationName = Release;
		};
/* End XCConfigurationList section */
	};
	rootObject = 0867D690FE84028FC02AAC07 /* Project object */;
}
